// !$*UTF8*$!
{
	archiveVersion = 1;
	classes = {
	};
	objectVersion = 46;
	objects = {

/* Begin PBXBuildFile section */
		DC45285319897DA600C40B6C /* main.swift in Sources */ = {isa = PBXBuildFile; fileRef = DC45285219897DA600C40B6C /* main.swift */; };
		DC45285519897DA600C40B6C /* ViewController.swift in Sources */ = {isa = PBXBuildFile; fileRef = DC45285419897DA600C40B6C /* ViewController.swift */; };
		DC45285719897DA600C40B6C /* AppDelegate.swift in Sources */ = {isa = PBXBuildFile; fileRef = DC45285619897DA600C40B6C /* AppDelegate.swift */; };
		DC45285919897DA600C40B6C /* Images.xcassets in Resources */ = {isa = PBXBuildFile; fileRef = DC45285819897DA600C40B6C /* Images.xcassets */; };
		DC45285C19897DA600C40B6C /* Main.storyboard in Resources */ = {isa = PBXBuildFile; fileRef = DC45285A19897DA600C40B6C /* Main.storyboard */; };
		DC45286819897DA600C40B6C /* i41CVTests.swift in Sources */ = {isa = PBXBuildFile; fileRef = DC45286719897DA600C40B6C /* i41CVTests.swift */; };
/* End PBXBuildFile section */

/* Begin PBXContainerItemProxy section */
		DC45286219897DA600C40B6C /* PBXContainerItemProxy */ = {
			isa = PBXContainerItemProxy;
			containerPortal = DC45284519897DA500C40B6C /* Project object */;
			proxyType = 1;
			remoteGlobalIDString = DC45284C19897DA500C40B6C;
			remoteInfo = i41CV;
		};
/* End PBXContainerItemProxy section */

/* Begin PBXFileReference section */
		DC45284D19897DA600C40B6C /* i41CV.app */ = {isa = PBXFileReference; explicitFileType = wrapper.application; includeInIndex = 0; path = i41CV.app; sourceTree = BUILT_PRODUCTS_DIR; };
		DC45285119897DA600C40B6C /* Info.plist */ = {isa = PBXFileReference; lastKnownFileType = text.plist.xml; path = Info.plist; sourceTree = "<group>"; };
		DC45285219897DA600C40B6C /* main.swift */ = {isa = PBXFileReference; lastKnownFileType = sourcecode.swift; path = main.swift; sourceTree = "<group>"; };
		DC45285419897DA600C40B6C /* ViewController.swift */ = {isa = PBXFileReference; lastKnownFileType = sourcecode.swift; path = ViewController.swift; sourceTree = "<group>"; };
		DC45285619897DA600C40B6C /* AppDelegate.swift */ = {isa = PBXFileReference; lastKnownFileType = sourcecode.swift; path = AppDelegate.swift; sourceTree = "<group>"; };
		DC45285819897DA600C40B6C /* Images.xcassets */ = {isa = PBXFileReference; lastKnownFileType = folder.assetcatalog; path = Images.xcassets; sourceTree = "<group>"; };
		DC45285B19897DA600C40B6C /* Base */ = {isa = PBXFileReference; lastKnownFileType = file.storyboard; name = Base; path = Base.lproj/Main.storyboard; sourceTree = "<group>"; };
		DC45286119897DA600C40B6C /* i41CVTests.xctest */ = {isa = PBXFileReference; explicitFileType = wrapper.cfbundle; includeInIndex = 0; path = i41CVTests.xctest; sourceTree = BUILT_PRODUCTS_DIR; };
		DC45286619897DA600C40B6C /* Info.plist */ = {isa = PBXFileReference; lastKnownFileType = text.plist.xml; path = Info.plist; sourceTree = "<group>"; };
		DC45286719897DA600C40B6C /* i41CVTests.swift */ = {isa = PBXFileReference; lastKnownFileType = sourcecode.swift; path = i41CVTests.swift; sourceTree = "<group>"; };
/* End PBXFileReference section */

/* Begin PBXFrameworksBuildPhase section */
		DC45284A19897DA500C40B6C /* Frameworks */ = {
			isa = PBXFrameworksBuildPhase;
			buildActionMask = 2147483647;
			files = (
			);
			runOnlyForDeploymentPostprocessing = 0;
		};
		DC45285E19897DA600C40B6C /* Frameworks */ = {
			isa = PBXFrameworksBuildPhase;
			buildActionMask = 2147483647;
			files = (
			);
			runOnlyForDeploymentPostprocessing = 0;
		};
/* End PBXFrameworksBuildPhase section */

/* Begin PBXGroup section */
		DC45284419897DA500C40B6C = {
			isa = PBXGroup;
			children = (
				DC45284F19897DA600C40B6C /* i41CV */,
				DC45286419897DA600C40B6C /* i41CVTests */,
				DC45284E19897DA600C40B6C /* Products */,
			);
			sourceTree = "<group>";
		};
		DC45284E19897DA600C40B6C /* Products */ = {
			isa = PBXGroup;
			children = (
				DC45284D19897DA600C40B6C /* i41CV.app */,
				DC45286119897DA600C40B6C /* i41CVTests.xctest */,
			);
			name = Products;
			sourceTree = "<group>";
		};
		DC45284F19897DA600C40B6C /* i41CV */ = {
			isa = PBXGroup;
			children = (
				DC45285419897DA600C40B6C /* ViewController.swift */,
				DC45285619897DA600C40B6C /* AppDelegate.swift */,
				DC45285819897DA600C40B6C /* Images.xcassets */,
				DC45285A19897DA600C40B6C /* Main.storyboard */,
				DC45285019897DA600C40B6C /* Supporting Files */,
			);
			path = i41CV;
			sourceTree = "<group>";
		};
		DC45285019897DA600C40B6C /* Supporting Files */ = {
			isa = PBXGroup;
			children = (
				DC45285119897DA600C40B6C /* Info.plist */,
				DC45285219897DA600C40B6C /* main.swift */,
			);
			name = "Supporting Files";
			sourceTree = "<group>";
		};
		DC45286419897DA600C40B6C /* i41CVTests */ = {
			isa = PBXGroup;
			children = (
				DC45286719897DA600C40B6C /* i41CVTests.swift */,
				DC45286519897DA600C40B6C /* Supporting Files */,
			);
			path = i41CVTests;
			sourceTree = "<group>";
		};
		DC45286519897DA600C40B6C /* Supporting Files */ = {
			isa = PBXGroup;
			children = (
				DC45286619897DA600C40B6C /* Info.plist */,
			);
			name = "Supporting Files";
			sourceTree = "<group>";
		};
/* End PBXGroup section */

/* Begin PBXNativeTarget section */
		DC45284C19897DA500C40B6C /* i41CV */ = {
			isa = PBXNativeTarget;
			buildConfigurationList = DC45286B19897DA600C40B6C /* Build configuration list for PBXNativeTarget "i41CV" */;
			buildPhases = (
				DC45284919897DA500C40B6C /* Sources */,
				DC45284A19897DA500C40B6C /* Frameworks */,
				DC45284B19897DA500C40B6C /* Resources */,
			);
			buildRules = (
			);
			dependencies = (
			);
			name = i41CV;
			productName = i41CV;
			productReference = DC45284D19897DA600C40B6C /* i41CV.app */;
			productType = "com.apple.product-type.application";
		};
		DC45286019897DA600C40B6C /* i41CVTests */ = {
			isa = PBXNativeTarget;
			buildConfigurationList = DC45286E19897DA600C40B6C /* Build configuration list for PBXNativeTarget "i41CVTests" */;
			buildPhases = (
				DC45285D19897DA600C40B6C /* Sources */,
				DC45285E19897DA600C40B6C /* Frameworks */,
				DC45285F19897DA600C40B6C /* Resources */,
			);
			buildRules = (
			);
			dependencies = (
				DC45286319897DA600C40B6C /* PBXTargetDependency */,
			);
			name = i41CVTests;
			productName = i41CVTests;
			productReference = DC45286119897DA600C40B6C /* i41CVTests.xctest */;
			productType = "com.apple.product-type.bundle.unit-test";
		};
/* End PBXNativeTarget section */

/* Begin PBXProject section */
		DC45284519897DA500C40B6C /* Project object */ = {
			isa = PBXProject;
			attributes = {
				LastUpgradeCheck = 0600;
				ORGANIZATIONNAME = iPera;
				TargetAttributes = {
					DC45284C19897DA500C40B6C = {
						CreatedOnToolsVersion = 6.0;
					};
					DC45286019897DA600C40B6C = {
						CreatedOnToolsVersion = 6.0;
						TestTargetID = DC45284C19897DA500C40B6C;
					};
				};
			};
			buildConfigurationList = DC45284819897DA500C40B6C /* Build configuration list for PBXProject "i41CV" */;
			compatibilityVersion = "Xcode 3.2";
			developmentRegion = English;
			hasScannedForEncodings = 0;
			knownRegions = (
				en,
				Base,
			);
			mainGroup = DC45284419897DA500C40B6C;
			productRefGroup = DC45284E19897DA600C40B6C /* Products */;
			projectDirPath = "";
			projectRoot = "";
			targets = (
				DC45284C19897DA500C40B6C /* i41CV */,
				DC45286019897DA600C40B6C /* i41CVTests */,
			);
		};
/* End PBXProject section */

/* Begin PBXResourcesBuildPhase section */
		DC45284B19897DA500C40B6C /* Resources */ = {
			isa = PBXResourcesBuildPhase;
			buildActionMask = 2147483647;
			files = (
				DC45285919897DA600C40B6C /* Images.xcassets in Resources */,
				DC45285C19897DA600C40B6C /* Main.storyboard in Resources */,
			);
			runOnlyForDeploymentPostprocessing = 0;
		};
		DC45285F19897DA600C40B6C /* Resources */ = {
			isa = PBXResourcesBuildPhase;
			buildActionMask = 2147483647;
			files = (
			);
			runOnlyForDeploymentPostprocessing = 0;
		};
/* End PBXResourcesBuildPhase section */

/* Begin PBXSourcesBuildPhase section */
		DC45284919897DA500C40B6C /* Sources */ = {
			isa = PBXSourcesBuildPhase;
			buildActionMask = 2147483647;
			files = (
				DC45285719897DA600C40B6C /* AppDelegate.swift in Sources */,
				DC45285519897DA600C40B6C /* ViewController.swift in Sources */,
				DC45285319897DA600C40B6C /* main.swift in Sources */,
			);
			runOnlyForDeploymentPostprocessing = 0;
		};
		DC45285D19897DA600C40B6C /* Sources */ = {
			isa = PBXSourcesBuildPhase;
			buildActionMask = 2147483647;
			files = (
				DC45286819897DA600C40B6C /* i41CVTests.swift in Sources */,
			);
			runOnlyForDeploymentPostprocessing = 0;
		};
/* End PBXSourcesBuildPhase section */

/* Begin PBXTargetDependency section */
		DC45286319897DA600C40B6C /* PBXTargetDependency */ = {
			isa = PBXTargetDependency;
			target = DC45284C19897DA500C40B6C /* i41CV */;
			targetProxy = DC45286219897DA600C40B6C /* PBXContainerItemProxy */;
		};
/* End PBXTargetDependency section */

/* Begin PBXVariantGroup section */
		DC45285A19897DA600C40B6C /* Main.storyboard */ = {
			isa = PBXVariantGroup;
			children = (
				DC45285B19897DA600C40B6C /* Base */,
			);
			name = Main.storyboard;
			sourceTree = "<group>";
		};
/* End PBXVariantGroup section */

/* Begin XCBuildConfiguration section */
		DC45286919897DA600C40B6C /* Debug */ = {
			isa = XCBuildConfiguration;
			buildSettings = {
				ALWAYS_SEARCH_USER_PATHS = NO;
				CLANG_CXX_LANGUAGE_STANDARD = "gnu++0x";
				CLANG_CXX_LIBRARY = "libc++";
				CLANG_ENABLE_MODULES = YES;
				CLANG_ENABLE_OBJC_ARC = YES;
				CLANG_WARN_BOOL_CONVERSION = YES;
				CLANG_WARN_CONSTANT_CONVERSION = YES;
				CLANG_WARN_DIRECT_OBJC_ISA_USAGE = YES_ERROR;
				CLANG_WARN_EMPTY_BODY = YES;
				CLANG_WARN_ENUM_CONVERSION = YES;
				CLANG_WARN_INT_CONVERSION = YES;
				CLANG_WARN_OBJC_ROOT_CLASS = YES_ERROR;
				CLANG_WARN_UNREACHABLE_CODE = YES;
				CLANG_WARN__DUPLICATE_METHOD_MATCH = YES;
				CODE_SIGN_IDENTITY = "-";
				COPY_PHASE_STRIP = NO;
				ENABLE_STRICT_OBJC_MSGSEND = YES;
				GCC_C_LANGUAGE_STANDARD = gnu99;
				GCC_DYNAMIC_NO_PIC = NO;
				GCC_OPTIMIZATION_LEVEL = 0;
				GCC_PREPROCESSOR_DEFINITIONS = (
					"DEBUG=1",
					"$(inherited)",
				);
				GCC_SYMBOLS_PRIVATE_EXTERN = NO;
				GCC_WARN_64_TO_32_BIT_CONVERSION = YES;
				GCC_WARN_ABOUT_RETURN_TYPE = YES_ERROR;
				GCC_WARN_UNDECLARED_SELECTOR = YES;
				GCC_WARN_UNINITIALIZED_AUTOS = YES_AGGRESSIVE;
				GCC_WARN_UNUSED_FUNCTION = YES;
				GCC_WARN_UNUSED_VARIABLE = YES;
				MACOSX_DEPLOYMENT_TARGET = 10.10;
				MTL_ENABLE_DEBUG_INFO = YES;
				ONLY_ACTIVE_ARCH = YES;
				SDKROOT = macosx;
				SWIFT_OPTIMIZATION_LEVEL = "-Onone";
			};
			name = Debug;
		};
		DC45286A19897DA600C40B6C /* Release */ = {
			isa = XCBuildConfiguration;
			buildSettings = {
				ALWAYS_SEARCH_USER_PATHS = NO;
				CLANG_CXX_LANGUAGE_STANDARD = "gnu++0x";
				CLANG_CXX_LIBRARY = "libc++";
				CLANG_ENABLE_MODULES = YES;
				CLANG_ENABLE_OBJC_ARC = YES;
				CLANG_WARN_BOOL_CONVERSION = YES;
				CLANG_WARN_CONSTANT_CONVERSION = YES;
				CLANG_WARN_DIRECT_OBJC_ISA_USAGE = YES_ERROR;
				CLANG_WARN_EMPTY_BODY = YES;
				CLANG_WARN_ENUM_CONVERSION = YES;
				CLANG_WARN_INT_CONVERSION = YES;
				CLANG_WARN_OBJC_ROOT_CLASS = YES_ERROR;
				CLANG_WARN_UNREACHABLE_CODE = YES;
				CLANG_WARN__DUPLICATE_METHOD_MATCH = YES;
				CODE_SIGN_IDENTITY = "-";
				COPY_PHASE_STRIP = YES;
				DEBUG_INFORMATION_FORMAT = "dwarf-with-dsym";
				ENABLE_NS_ASSERTIONS = NO;
				ENABLE_STRICT_OBJC_MSGSEND = YES;
				GCC_C_LANGUAGE_STANDARD = gnu99;
				GCC_WARN_64_TO_32_BIT_CONVERSION = YES;
				GCC_WARN_ABOUT_RETURN_TYPE = YES_ERROR;
				GCC_WARN_UNDECLARED_SELECTOR = YES;
				GCC_WARN_UNINITIALIZED_AUTOS = YES_AGGRESSIVE;
				GCC_WARN_UNUSED_FUNCTION = YES;
				GCC_WARN_UNUSED_VARIABLE = YES;
				MACOSX_DEPLOYMENT_TARGET = 10.10;
				MTL_ENABLE_DEBUG_INFO = NO;
				SDKROOT = macosx;
			};
			name = Release;
		};
		DC45286C19897DA600C40B6C /* Debug */ = {
			isa = XCBuildConfiguration;
			buildSettings = {
				ASSETCATALOG_COMPILER_APPICON_NAME = AppIcon;
				COMBINE_HIDPI_IMAGES = YES;
				INFOPLIST_FILE = i41CV/Info.plist;
				LD_RUNPATH_SEARCH_PATHS = "$(inherited) @executable_path/../Frameworks";
				PRODUCT_NAME = "$(TARGET_NAME)";
			};
			name = Debug;
		};
		DC45286D19897DA600C40B6C /* Release */ = {
			isa = XCBuildConfiguration;
			buildSettings = {
				ASSETCATALOG_COMPILER_APPICON_NAME = AppIcon;
				COMBINE_HIDPI_IMAGES = YES;
				INFOPLIST_FILE = i41CV/Info.plist;
				LD_RUNPATH_SEARCH_PATHS = "$(inherited) @executable_path/../Frameworks";
				PRODUCT_NAME = "$(TARGET_NAME)";
			};
			name = Release;
		};
		DC45286F19897DA600C40B6C /* Debug */ = {
			isa = XCBuildConfiguration;
			buildSettings = {
				BUNDLE_LOADER = "$(BUILT_PRODUCTS_DIR)/i41CV.app/Contents/MacOS/i41CV";
				COMBINE_HIDPI_IMAGES = YES;
				FRAMEWORK_SEARCH_PATHS = (
					"$(DEVELOPER_FRAMEWORKS_DIR)",
					"$(inherited)",
				);
				GCC_PREPROCESSOR_DEFINITIONS = (
					"DEBUG=1",
					"$(inherited)",
				);
				INFOPLIST_FILE = i41CVTests/Info.plist;
				LD_RUNPATH_SEARCH_PATHS = "$(inherited) @executable_path/../Frameworks @loader_path/../Frameworks";
				PRODUCT_NAME = "$(TARGET_NAME)";
				TEST_HOST = "$(BUNDLE_LOADER)";
			};
			name = Debug;
		};
		DC45287019897DA600C40B6C /* Release */ = {
			isa = XCBuildConfiguration;
			buildSettings = {
				BUNDLE_LOADER = "$(BUILT_PRODUCTS_DIR)/i41CV.app/Contents/MacOS/i41CV";
				COMBINE_HIDPI_IMAGES = YES;
				FRAMEWORK_SEARCH_PATHS = (
					"$(DEVELOPER_FRAMEWORKS_DIR)",
					"$(inherited)",
				);
				INFOPLIST_FILE = i41CVTests/Info.plist;
				LD_RUNPATH_SEARCH_PATHS = "$(inherited) @executable_path/../Frameworks @loader_path/../Frameworks";
				PRODUCT_NAME = "$(TARGET_NAME)";
				TEST_HOST = "$(BUNDLE_LOADER)";
			};
			name = Release;
		};
/* End XCBuildConfiguration section */

/* Begin XCConfigurationList section */
		DC45284819897DA500C40B6C /* Build configuration list for PBXProject "i41CV" */ = {
			isa = XCConfigurationList;
			buildConfigurations = (
				DC45286919897DA600C40B6C /* Debug */,
				DC45286A19897DA600C40B6C /* Release */,
			);
			defaultConfigurationIsVisible = 0;
			defaultConfigurationName = Release;
		};
		DC45286B19897DA600C40B6C /* Build configuration list for PBXNativeTarget "i41CV" */ = {
			isa = XCConfigurationList;
			buildConfigurations = (
				DC45286C19897DA600C40B6C /* Debug */,
				DC45286D19897DA600C40B6C /* Release */,
			);
			defaultConfigurationIsVisible = 0;
		};
		DC45286E19897DA600C40B6C /* Build configuration list for PBXNativeTarget "i41CVTests" */ = {
			isa = XCConfigurationList;
			buildConfigurations = (
				DC45286F19897DA600C40B6C /* Debug */,
				DC45287019897DA600C40B6C /* Release */,
			);
			defaultConfigurationIsVisible = 0;
		};
/* End XCConfigurationList section */
	};
	rootObject = DC45284519897DA500C40B6C /* Project object */;
}
