// !$*UTF8*$!
{
	archiveVersion = 1;
	classes = {
	};
	objectVersion = 46;
	objects = {

/* Begin PBXBuildFile section */
		DC45285319897DA600C40B6C /* main.swift in Sources */ = {isa = PBXBuildFile; fileRef = DC45285219897DA600C40B6C /* main.swift */; };
		DC45285519897DA600C40B6C /* ViewController.swift in Sources */ = {isa = PBXBuildFile; fileRef = DC45285419897DA600C40B6C /* ViewController.swift */; };
		DC45285719897DA600C40B6C /* AppDelegate.swift in Sources */ = {isa = PBXBuildFile; fileRef = DC45285619897DA600C40B6C /* AppDelegate.swift */; };
		DC45285919897DA600C40B6C /* Images.xcassets in Resources */ = {isa = PBXBuildFile; fileRef = DC45285819897DA600C40B6C /* Images.xcassets */; };
		DC45285C19897DA600C40B6C /* Main.storyboard in Resources */ = {isa = PBXBuildFile; fileRef = DC45285A19897DA600C40B6C /* Main.storyboard */; };
		DC45286819897DA600C40B6C /* my41Tests.swift in Sources */ = {isa = PBXBuildFile; fileRef = DC45286719897DA600C40B6C /* my41Tests.swift */; };
		DC46ED8E19B3A09B0091E143 /* display.lookup in Resources */ = {isa = PBXBuildFile; fileRef = DC46ED8C19B3A09B0091E143 /* display.lookup */; };
		DC46ED8F19B3A09B0091E143 /* hpchar.geom in Resources */ = {isa = PBXBuildFile; fileRef = DC46ED8D19B3A09B0091E143 /* hpchar.geom */; };
		DC4AEB281A25CFAA00ABF0D8 /* Application.swift in Sources */ = {isa = PBXBuildFile; fileRef = DC4AEB271A25CFAA00ABF0D8 /* Application.swift */; };
		DC4AEB2A1A25E31A00ABF0D8 /* KeyboardShortcuts.swift in Sources */ = {isa = PBXBuildFile; fileRef = DC4AEB291A25E31A00ABF0D8 /* KeyboardShortcuts.swift */; };
		DC4E040D1A1774F1008D6DD5 /* DebugerMenu.swift in Sources */ = {isa = PBXBuildFile; fileRef = DC4E040C1A1774F1008D6DD5 /* DebugerMenu.swift */; };
		DC4E040F1A17783E008D6DD5 /* DebugCPU.swift in Sources */ = {isa = PBXBuildFile; fileRef = DC4E040E1A17783E008D6DD5 /* DebugCPU.swift */; };
		DC54542D1A234F61003DB27E /* 41Z.MOD in Resources */ = {isa = PBXBuildFile; fileRef = DC5453A41A234F60003DB27E /* 41Z.MOD */; };
		DC54542E1A234F61003DB27E /* 83TRINH.MOD in Resources */ = {isa = PBXBuildFile; fileRef = DC5453A51A234F60003DB27E /* 83TRINH.MOD */; };
		DC54542F1A234F61003DB27E /* ADV-APP.MOD in Resources */ = {isa = PBXBuildFile; fileRef = DC5453A61A234F60003DB27E /* ADV-APP.MOD */; };
		DC5454301A234F61003DB27E /* ADVANTAGE.MOD in Resources */ = {isa = PBXBuildFile; fileRef = DC5453A71A234F60003DB27E /* ADVANTAGE.MOD */; };
		DC5454311A234F61003DB27E /* AECROM.MOD in Resources */ = {isa = PBXBuildFile; fileRef = DC5453A81A234F60003DB27E /* AECROM.MOD */; };
		DC5454321A234F61003DB27E /* AFDC1.MOD in Resources */ = {isa = PBXBuildFile; fileRef = DC5453A91A234F60003DB27E /* AFDC1.MOD */; };
		DC5454331A234F61003DB27E /* AFDC2.MOD in Resources */ = {isa = PBXBuildFile; fileRef = DC5453AA1A234F60003DB27E /* AFDC2.MOD */; };
		DC5454341A234F61003DB27E /* ALPHA.MOD in Resources */ = {isa = PBXBuildFile; fileRef = DC5453AB1A234F60003DB27E /* ALPHA.MOD */; };
		DC5454351A234F61003DB27E /* APAC.MOD in Resources */ = {isa = PBXBuildFile; fileRef = DC5453AC1A234F60003DB27E /* APAC.MOD */; };
		DC5454361A234F61003DB27E /* ASSEMBLER3.MOD in Resources */ = {isa = PBXBuildFile; fileRef = DC5453AD1A234F60003DB27E /* ASSEMBLER3.MOD */; };
		DC5454371A234F61003DB27E /* ASSEMBLER4.MOD in Resources */ = {isa = PBXBuildFile; fileRef = DC5453AE1A234F60003DB27E /* ASSEMBLER4.MOD */; };
		DC5454381A234F61003DB27E /* ASTROLOGY.MOD in Resources */ = {isa = PBXBuildFile; fileRef = DC5453AF1A234F60003DB27E /* ASTROLOGY.MOD */; };
		DC5454391A234F61003DB27E /* AUTOFINANCE.MOD in Resources */ = {isa = PBXBuildFile; fileRef = DC5453B01A234F60003DB27E /* AUTOFINANCE.MOD */; };
		DC54543A1A234F61003DB27E /* AUTOSTART.MOD in Resources */ = {isa = PBXBuildFile; fileRef = DC5453B11A234F60003DB27E /* AUTOSTART.MOD */; };
		DC54543B1A234F61003DB27E /* AVIATION.MOD in Resources */ = {isa = PBXBuildFile; fileRef = DC5453B21A234F60003DB27E /* AVIATION.MOD */; };
		DC54543C1A234F61003DB27E /* BCMW.MOD in Resources */ = {isa = PBXBuildFile; fileRef = DC5453B31A234F60003DB27E /* BCMW.MOD */; };
		DC54543D1A234F61003DB27E /* BEECHCRAFT.MOD in Resources */ = {isa = PBXBuildFile; fileRef = DC5453B41A234F60003DB27E /* BEECHCRAFT.MOD */; };
		DC54543E1A234F61003DB27E /* BLDROM.MOD in Resources */ = {isa = PBXBuildFile; fileRef = DC5453B51A234F60003DB27E /* BLDROM.MOD */; };
		DC54543F1A234F61003DB27E /* BOEING-B52.MOD in Resources */ = {isa = PBXBuildFile; fileRef = DC5453B61A234F60003DB27E /* BOEING-B52.MOD */; };
		DC5454401A234F61003DB27E /* CARD-RDR.MOD in Resources */ = {isa = PBXBuildFile; fileRef = DC5453B71A234F60003DB27E /* CARD-RDR.MOD */; };
		DC5454411A234F61003DB27E /* CCD-MODIFIED.MOD in Resources */ = {isa = PBXBuildFile; fileRef = DC5453B81A234F60003DB27E /* CCD-MODIFIED.MOD */; };
		DC5454421A234F61003DB27E /* CCD-OSX.MOD in Resources */ = {isa = PBXBuildFile; fileRef = DC5453B91A234F60003DB27E /* CCD-OSX.MOD */; };
		DC5454431A234F61003DB27E /* CCD.MOD in Resources */ = {isa = PBXBuildFile; fileRef = DC5453BA1A234F60003DB27E /* CCD.MOD */; };
		DC5454441A234F61003DB27E /* CHEMUSER.MOD in Resources */ = {isa = PBXBuildFile; fileRef = DC5453BB1A234F60003DB27E /* CHEMUSER.MOD */; };
		DC5454451A234F61003DB27E /* CIRCUIT.MOD in Resources */ = {isa = PBXBuildFile; fileRef = DC5453BC1A234F60003DB27E /* CIRCUIT.MOD */; };
		DC5454461A234F61003DB27E /* CLINICAL.MOD in Resources */ = {isa = PBXBuildFile; fileRef = DC5453BD1A234F60003DB27E /* CLINICAL.MOD */; };
		DC5454471A234F61003DB27E /* CMT-200.MOD in Resources */ = {isa = PBXBuildFile; fileRef = DC5453BE1A234F60003DB27E /* CMT-200.MOD */; };
		DC5454481A234F61003DB27E /* CMT-300.MOD in Resources */ = {isa = PBXBuildFile; fileRef = DC5453BF1A234F60003DB27E /* CMT-300.MOD */; };
		DC5454491A234F61003DB27E /* CVPAK.MOD in Resources */ = {isa = PBXBuildFile; fileRef = DC5453C01A234F60003DB27E /* CVPAK.MOD */; };
		DC54544A1A234F61003DB27E /* DATA-ACQ.MOD in Resources */ = {isa = PBXBuildFile; fileRef = DC5453C11A234F60003DB27E /* DATA-ACQ.MOD */; };
		DC54544B1A234F61003DB27E /* DAVID.MOD in Resources */ = {isa = PBXBuildFile; fileRef = DC5453C21A234F60003DB27E /* DAVID.MOD */; };
		DC54544C1A234F61003DB27E /* DIAGNOSTIC.MOD in Resources */ = {isa = PBXBuildFile; fileRef = DC5453C31A234F60003DB27E /* DIAGNOSTIC.MOD */; };
		DC54544D1A234F61003DB27E /* DIAMOND.MOD in Resources */ = {isa = PBXBuildFile; fileRef = DC5453C41A234F60003DB27E /* DIAMOND.MOD */; };
		DC54544E1A234F61003DB27E /* DISASM4C.MOD in Resources */ = {isa = PBXBuildFile; fileRef = DC5453C51A234F60003DB27E /* DISASM4C.MOD */; };
		DC54544F1A234F61003DB27E /* DISASM4D.MOD in Resources */ = {isa = PBXBuildFile; fileRef = DC5453C61A234F60003DB27E /* DISASM4D.MOD */; };
		DC5454501A234F61003DB27E /* DYERKA.MOD in Resources */ = {isa = PBXBuildFile; fileRef = DC5453C71A234F60003DB27E /* DYERKA.MOD */; };
		DC5454511A234F61003DB27E /* ES-41.MOD in Resources */ = {isa = PBXBuildFile; fileRef = DC5453C81A234F60003DB27E /* ES-41.MOD */; };
		DC5454521A234F61003DB27E /* ES-MLDL.MOD in Resources */ = {isa = PBXBuildFile; fileRef = DC5453C91A234F60003DB27E /* ES-MLDL.MOD */; };
		DC5454531A234F61003DB27E /* EXT-FUNS.MOD in Resources */ = {isa = PBXBuildFile; fileRef = DC5453CA1A234F60003DB27E /* EXT-FUNS.MOD */; };
		DC5454541A234F61003DB27E /* EXT-IL.MOD in Resources */ = {isa = PBXBuildFile; fileRef = DC5453CB1A234F60003DB27E /* EXT-IL.MOD */; };
		DC5454551A234F61003DB27E /* EXT-IO.MOD in Resources */ = {isa = PBXBuildFile; fileRef = DC5453CC1A234F60003DB27E /* EXT-IO.MOD */; };
		DC5454561A234F61003DB27E /* EXT-MEM.MOD in Resources */ = {isa = PBXBuildFile; fileRef = DC5453CD1A234F60003DB27E /* EXT-MEM.MOD */; };
		DC5454571A234F61003DB27E /* FINANCE.MOD in Resources */ = {isa = PBXBuildFile; fileRef = DC5453CE1A234F60003DB27E /* FINANCE.MOD */; };
		DC5454581A234F61003DB27E /* FORTH.MOD in Resources */ = {isa = PBXBuildFile; fileRef = DC5453CF1A234F60003DB27E /* FORTH.MOD */; };
		DC5454591A234F61003DB27E /* GAMES.MOD in Resources */ = {isa = PBXBuildFile; fileRef = DC5453D01A234F60003DB27E /* GAMES.MOD */; };
		DC54545A1A234F61003DB27E /* GMAC2.MOD in Resources */ = {isa = PBXBuildFile; fileRef = DC5453D11A234F60003DB27E /* GMAC2.MOD */; };
		DC54545B1A234F61003DB27E /* GMAC3.MOD in Resources */ = {isa = PBXBuildFile; fileRef = DC5453D21A234F60003DB27E /* GMAC3.MOD */; };
		DC54545C1A234F61003DB27E /* HEP-2MEM.MOD in Resources */ = {isa = PBXBuildFile; fileRef = DC5453D31A234F60003DB27E /* HEP-2MEM.MOD */; };
		DC54545D1A234F61003DB27E /* HEP-MEM.MOD in Resources */ = {isa = PBXBuildFile; fileRef = DC5453D41A234F60003DB27E /* HEP-MEM.MOD */; };
		DC54545E1A234F61003DB27E /* Hepax-1C.mod in Resources */ = {isa = PBXBuildFile; fileRef = DC5453D51A234F60003DB27E /* Hepax-1C.mod */; };
		DC54545F1A234F61003DB27E /* HEPAX.MOD in Resources */ = {isa = PBXBuildFile; fileRef = DC5453D61A234F60003DB27E /* HEPAX.MOD */; };
		DC5454601A234F61003DB27E /* HOME-MGT.MOD in Resources */ = {isa = PBXBuildFile; fileRef = DC5453D71A234F60003DB27E /* HOME-MGT.MOD */; };
		DC5454611A234F61003DB27E /* HPIL-DEV.MOD in Resources */ = {isa = PBXBuildFile; fileRef = DC5453D81A234F60003DB27E /* HPIL-DEV.MOD */; };
		DC5454621A234F61003DB27E /* HPIL-DIAG.MOD in Resources */ = {isa = PBXBuildFile; fileRef = DC5453D91A234F60003DB27E /* HPIL-DIAG.MOD */; };
		DC5454631A234F61003DB27E /* HPIL.MOD in Resources */ = {isa = PBXBuildFile; fileRef = DC5453DA1A234F60003DB27E /* HPIL.MOD */; };
		DC5454641A234F61003DB27E /* HYDRACOMP.MOD in Resources */ = {isa = PBXBuildFile; fileRef = DC5453DB1A234F60003DB27E /* HYDRACOMP.MOD */; };
		DC5454651A234F61003DB27E /* ICEBOX.MOD in Resources */ = {isa = PBXBuildFile; fileRef = DC5453DC1A234F60003DB27E /* ICEBOX.MOD */; };
		DC5454661A234F61003DB27E /* ICODE.MOD in Resources */ = {isa = PBXBuildFile; fileRef = DC5453DD1A234F60003DB27E /* ICODE.MOD */; };
		DC5454671A234F61003DB27E /* IR-PRINT.MOD in Resources */ = {isa = PBXBuildFile; fileRef = DC5453DE1A234F60003DB27E /* IR-PRINT.MOD */; };
		DC5454681A234F61003DB27E /* LAITRAM-XQ2.MOD in Resources */ = {isa = PBXBuildFile; fileRef = DC5453DF1A234F60003DB27E /* LAITRAM-XQ2.MOD */; };
		DC5454691A234F61003DB27E /* LANDNAV.MOD in Resources */ = {isa = PBXBuildFile; fileRef = DC5453E01A234F60003DB27E /* LANDNAV.MOD */; };
		DC54546A1A234F61003DB27E /* LBLAPP1A.MOD in Resources */ = {isa = PBXBuildFile; fileRef = DC5453E11A234F60003DB27E /* LBLAPP1A.MOD */; };
		DC54546B1A234F61003DB27E /* MACHINE.MOD in Resources */ = {isa = PBXBuildFile; fileRef = DC5453E21A234F60003DB27E /* MACHINE.MOD */; };
		DC54546C1A234F61003DB27E /* MATH.MOD in Resources */ = {isa = PBXBuildFile; fileRef = DC5453E31A234F60003DB27E /* MATH.MOD */; };
		DC54546D1A234F61003DB27E /* MATHSTAT.MOD in Resources */ = {isa = PBXBuildFile; fileRef = DC5453E41A234F60003DB27E /* MATHSTAT.MOD */; };
		DC54546E1A234F61003DB27E /* MC-EPROM.MOD in Resources */ = {isa = PBXBuildFile; fileRef = DC5453E51A234F60003DB27E /* MC-EPROM.MOD */; };
		DC54546F1A234F61003DB27E /* MCTEST.MOD in Resources */ = {isa = PBXBuildFile; fileRef = DC5453E61A234F60003DB27E /* MCTEST.MOD */; };
		DC5454701A234F61003DB27E /* MDP1.MOD in Resources */ = {isa = PBXBuildFile; fileRef = DC5453E71A234F60003DB27E /* MDP1.MOD */; };
		DC5454711A234F61003DB27E /* MDP2.MOD in Resources */ = {isa = PBXBuildFile; fileRef = DC5453E81A234F60003DB27E /* MDP2.MOD */; };
		DC5454721A234F61003DB27E /* MELBOURNE.MOD in Resources */ = {isa = PBXBuildFile; fileRef = DC5453E91A234F60003DB27E /* MELBOURNE.MOD */; };
		DC5454731A234F61003DB27E /* MEM.MOD in Resources */ = {isa = PBXBuildFile; fileRef = DC5453EA1A234F60003DB27E /* MEM.MOD */; };
		DC5454741A234F61003DB27E /* MIL-ENG.MOD in Resources */ = {isa = PBXBuildFile; fileRef = DC5453EB1A234F60003DB27E /* MIL-ENG.MOD */; };
		DC5454751A234F61003DB27E /* MLDLOS.MOD in Resources */ = {isa = PBXBuildFile; fileRef = DC5453EC1A234F60003DB27E /* MLDLOS.MOD */; };
		DC5454761A234F61003DB27E /* MLEPROM.MOD in Resources */ = {isa = PBXBuildFile; fileRef = DC5453ED1A234F60003DB27E /* MLEPROM.MOD */; };
		DC5454771A234F61003DB27E /* MLROM.MOD in Resources */ = {isa = PBXBuildFile; fileRef = DC5453EE1A234F60003DB27E /* MLROM.MOD */; };
		DC5454781A234F61003DB27E /* MMEPROM.MOD in Resources */ = {isa = PBXBuildFile; fileRef = DC5453EF1A234F60003DB27E /* MMEPROM.MOD */; };
		DC5454791A234F61003DB27E /* MUECKE.MOD in Resources */ = {isa = PBXBuildFile; fileRef = DC5453F01A234F60003DB27E /* MUECKE.MOD */; };
		DC54547A1A234F61003DB27E /* NAVCOM2.MOD in Resources */ = {isa = PBXBuildFile; fileRef = DC5453F11A234F60003DB27E /* NAVCOM2.MOD */; };
		DC54547B1A234F61003DB27E /* NAVIGATION.MOD in Resources */ = {isa = PBXBuildFile; fileRef = DC5453F21A234F60003DB27E /* NAVIGATION.MOD */; };
		DC54547C1A234F61003DB27E /* NAVPAC2.MOD in Resources */ = {isa = PBXBuildFile; fileRef = DC5453F31A234F60003DB27E /* NAVPAC2.MOD */; };
		DC54547D1A234F61003DB27E /* NFCROM.MOD in Resources */ = {isa = PBXBuildFile; fileRef = DC5453F41A234F60003DB27E /* NFCROM.MOD */; };
		DC54547E1A234F61003DB27E /* NUT-C.MOD in Resources */ = {isa = PBXBuildFile; fileRef = DC5453F51A234F60003DB27E /* NUT-C.MOD */; };
		DC54547F1A234F61003DB27E /* NUT-CV-GFF.MOD in Resources */ = {isa = PBXBuildFile; fileRef = DC5453F61A234F60003DB27E /* NUT-CV-GFF.MOD */; };
		DC5454801A234F61003DB27E /* NUT-CV.MOD in Resources */ = {isa = PBXBuildFile; fileRef = DC5453F71A234F60003DB27E /* NUT-CV.MOD */; };
		DC5454811A234F61003DB27E /* NUT-CX.MOD in Resources */ = {isa = PBXBuildFile; fileRef = DC5453F81A234F60003DB27E /* NUT-CX.MOD */; };
		DC5454821A234F61003DB27E /* PANAME.MOD in Resources */ = {isa = PBXBuildFile; fileRef = DC5453F91A234F60003DB27E /* PANAME.MOD */; };
		DC5454831A234F61003DB27E /* PCCOM.MOD in Resources */ = {isa = PBXBuildFile; fileRef = DC5453FA1A234F60003DB27E /* PCCOM.MOD */; };
		DC5454841A234F61003DB27E /* PETROLEUM.MOD in Resources */ = {isa = PBXBuildFile; fileRef = DC5453FB1A234F60003DB27E /* PETROLEUM.MOD */; };
		DC5454851A234F61003DB27E /* PLOTTER.MOD in Resources */ = {isa = PBXBuildFile; fileRef = DC5453FC1A234F60003DB27E /* PLOTTER.MOD */; };
		DC5454861A234F61003DB27E /* PPC-MELB.MOD in Resources */ = {isa = PBXBuildFile; fileRef = DC5453FD1A234F60003DB27E /* PPC-MELB.MOD */; };
		DC5454871A234F61003DB27E /* PPC.MOD in Resources */ = {isa = PBXBuildFile; fileRef = DC5453FE1A234F60003DB27E /* PPC.MOD */; };
		DC5454881A234F61003DB27E /* PRIDE.MOD in Resources */ = {isa = PBXBuildFile; fileRef = DC5453FF1A234F60003DB27E /* PRIDE.MOD */; };
		DC5454891A234F61003DB27E /* PRINTER.MOD in Resources */ = {isa = PBXBuildFile; fileRef = DC5454001A234F60003DB27E /* PRINTER.MOD */; };
		DC54548A1A234F61003DB27E /* PRINTERSERVICE.MOD in Resources */ = {isa = PBXBuildFile; fileRef = DC5454011A234F60003DB27E /* PRINTERSERVICE.MOD */; };
		DC54548B1A234F61003DB27E /* PROFISET.MOD in Resources */ = {isa = PBXBuildFile; fileRef = DC5454021A234F60003DB27E /* PROFISET.MOD */; };
		DC54548C1A234F61003DB27E /* PROTOCODER2.MOD in Resources */ = {isa = PBXBuildFile; fileRef = DC5454031A234F60003DB27E /* PROTOCODER2.MOD */; };
		DC54548D1A234F61003DB27E /* PROTOPARIO.MOD in Resources */ = {isa = PBXBuildFile; fileRef = DC5454041A234F60003DB27E /* PROTOPARIO.MOD */; };
		DC54548E1A234F61003DB27E /* PS0F.MOD in Resources */ = {isa = PBXBuildFile; fileRef = DC5454051A234F60003DB27E /* PS0F.MOD */; };
		DC54548F1A234F61003DB27E /* QUADMEM.MOD in Resources */ = {isa = PBXBuildFile; fileRef = DC5454061A234F60003DB27E /* QUADMEM.MOD */; };
		DC5454901A234F61003DB27E /* RAM4K.MOD in Resources */ = {isa = PBXBuildFile; fileRef = DC5454071A234F60003DB27E /* RAM4K.MOD */; };
		DC5454911A234F61003DB27E /* RAM8K.MOD in Resources */ = {isa = PBXBuildFile; fileRef = DC5454081A234F60003DB27E /* RAM8K.MOD */; };
		DC5454921A234F61003DB27E /* RAM16K.MOD in Resources */ = {isa = PBXBuildFile; fileRef = DC5454091A234F60003DB27E /* RAM16K.MOD */; };
		DC5454931A234F61003DB27E /* RAM32K.MOD in Resources */ = {isa = PBXBuildFile; fileRef = DC54540A1A234F60003DB27E /* RAM32K.MOD */; };
		DC5454941A234F61003DB27E /* REAL-ESTATE.MOD in Resources */ = {isa = PBXBuildFile; fileRef = DC54540B1A234F61003DB27E /* REAL-ESTATE.MOD */; };
		DC5454951A234F61003DB27E /* ROAM-0.MOD in Resources */ = {isa = PBXBuildFile; fileRef = DC54540C1A234F61003DB27E /* ROAM-0.MOD */; };
		DC5454961A234F61003DB27E /* ROAM-0A.MOD in Resources */ = {isa = PBXBuildFile; fileRef = DC54540D1A234F61003DB27E /* ROAM-0A.MOD */; };
		DC5454971A234F61003DB27E /* ROMSV01.MOD in Resources */ = {isa = PBXBuildFile; fileRef = DC54540E1A234F61003DB27E /* ROMSV01.MOD */; };
		DC5454981A234F61003DB27E /* SANDBOX.MOD in Resources */ = {isa = PBXBuildFile; fileRef = DC54540F1A234F61003DB27E /* SANDBOX.MOD */; };
		DC5454991A234F61003DB27E /* SANDMATH-III.MOD in Resources */ = {isa = PBXBuildFile; fileRef = DC5454101A234F61003DB27E /* SANDMATH-III.MOD */; };
		DC54549A1A234F61003DB27E /* SANDMATH.MOD in Resources */ = {isa = PBXBuildFile; fileRef = DC5454111A234F61003DB27E /* SANDMATH.MOD */; };
		DC54549B1A234F61003DB27E /* SECURITIES.MOD in Resources */ = {isa = PBXBuildFile; fileRef = DC5454121A234F61003DB27E /* SECURITIES.MOD */; };
		DC54549C1A234F61003DB27E /* SENDPGM.MOD in Resources */ = {isa = PBXBuildFile; fileRef = DC5454131A234F61003DB27E /* SENDPGM.MOD */; };
		DC54549D1A234F61003DB27E /* SERVICE-CV.MOD in Resources */ = {isa = PBXBuildFile; fileRef = DC5454141A234F61003DB27E /* SERVICE-CV.MOD */; };
		DC54549E1A234F61003DB27E /* SERVICE.MOD in Resources */ = {isa = PBXBuildFile; fileRef = DC5454151A234F61003DB27E /* SERVICE.MOD */; };
		DC54549F1A234F61003DB27E /* SGS-GAS.MOD in Resources */ = {isa = PBXBuildFile; fileRef = DC5454161A234F61003DB27E /* SGS-GAS.MOD */; };
		DC5454A01A234F61003DB27E /* SIM.MOD in Resources */ = {isa = PBXBuildFile; fileRef = DC5454171A234F61003DB27E /* SIM.MOD */; };
		DC5454A11A234F61003DB27E /* SIMPLEX.MOD in Resources */ = {isa = PBXBuildFile; fileRef = DC5454181A234F61003DB27E /* SIMPLEX.MOD */; };
		DC5454A21A234F61003DB27E /* SKWIDBC.MOD in Resources */ = {isa = PBXBuildFile; fileRef = DC5454191A234F61003DB27E /* SKWIDBC.MOD */; };
		DC5454A31A234F61003DB27E /* SPEED-MACHINE2.MOD in Resources */ = {isa = PBXBuildFile; fileRef = DC54541A1A234F61003DB27E /* SPEED-MACHINE2.MOD */; };
		DC5454A41A234F61003DB27E /* STANDARD.MOD in Resources */ = {isa = PBXBuildFile; fileRef = DC54541B1A234F61003DB27E /* STANDARD.MOD */; };
		DC5454A51A234F61003DB27E /* STAT.MOD in Resources */ = {isa = PBXBuildFile; fileRef = DC54541C1A234F61003DB27E /* STAT.MOD */; };
		DC5454A61A234F61003DB27E /* STRESS.MOD in Resources */ = {isa = PBXBuildFile; fileRef = DC54541D1A234F61003DB27E /* STRESS.MOD */; };
		DC5454A71A234F61003DB27E /* STRUCTURAL.MOD in Resources */ = {isa = PBXBuildFile; fileRef = DC54541E1A234F61003DB27E /* STRUCTURAL.MOD */; };
		DC5454A81A234F61003DB27E /* SUP-R-ROM.MOD in Resources */ = {isa = PBXBuildFile; fileRef = DC54541F1A234F61003DB27E /* SUP-R-ROM.MOD */; };
		DC5454A91A234F61003DB27E /* SURVEY.MOD in Resources */ = {isa = PBXBuildFile; fileRef = DC5454201A234F61003DB27E /* SURVEY.MOD */; };
		DC5454AA1A234F61003DB27E /* THERMAL.MOD in Resources */ = {isa = PBXBuildFile; fileRef = DC5454211A234F61003DB27E /* THERMAL.MOD */; };
		DC5454AB1A234F61003DB27E /* TIME.MOD in Resources */ = {isa = PBXBuildFile; fileRef = DC5454221A234F61003DB27E /* TIME.MOD */; };
		DC5454AC1A234F61003DB27E /* TOMSROM.MOD in Resources */ = {isa = PBXBuildFile; fileRef = DC5454231A234F61003DB27E /* TOMSROM.MOD */; };
		DC5454AD1A234F61003DB27E /* TOMSROM1.MOD in Resources */ = {isa = PBXBuildFile; fileRef = DC5454241A234F61003DB27E /* TOMSROM1.MOD */; };
		DC5454AE1A234F61003DB27E /* TOOLBOX.MOD in Resources */ = {isa = PBXBuildFile; fileRef = DC5454251A234F61003DB27E /* TOOLBOX.MOD */; };
		DC5454AF1A234F61003DB27E /* USPS.MOD in Resources */ = {isa = PBXBuildFile; fileRef = DC5454261A234F61003DB27E /* USPS.MOD */; };
		DC5454B01A234F61003DB27E /* WAND.MOD in Resources */ = {isa = PBXBuildFile; fileRef = DC5454271A234F61003DB27E /* WAND.MOD */; };
		DC5454B11A234F61003DB27E /* WWRAMBOX2.MOD in Resources */ = {isa = PBXBuildFile; fileRef = DC5454281A234F61003DB27E /* WWRAMBOX2.MOD */; };
		DC5454B21A234F61003DB27E /* WWRAMBOXI.MOD in Resources */ = {isa = PBXBuildFile; fileRef = DC5454291A234F61003DB27E /* WWRAMBOXI.MOD */; };
		DC5454B31A234F61003DB27E /* WWRAMBOXII.MOD in Resources */ = {isa = PBXBuildFile; fileRef = DC54542A1A234F61003DB27E /* WWRAMBOXII.MOD */; };
		DC5454B41A234F61003DB27E /* ZENROM.MOD in Resources */ = {isa = PBXBuildFile; fileRef = DC54542B1A234F61003DB27E /* ZENROM.MOD */; };
		DC5454B51A234F61003DB27E /* ZEPROM.MOD in Resources */ = {isa = PBXBuildFile; fileRef = DC54542C1A234F61003DB27E /* ZEPROM.MOD */; };
		DC56269D198B75E80040453F /* XNUT2.ROM in Resources */ = {isa = PBXBuildFile; fileRef = DC56268F198B75E80040453F /* XNUT2.ROM */; };
		DC56269E198B75E80040453F /* XNUT1.ROM in Resources */ = {isa = PBXBuildFile; fileRef = DC562690198B75E80040453F /* XNUT1.ROM */; };
		DC56269F198B75E80040453F /* XNUT0.ROM in Resources */ = {isa = PBXBuildFile; fileRef = DC562691198B75E80040453F /* XNUT0.ROM */; };
		DC5626A0198B75E80040453F /* TIMER.ROM in Resources */ = {isa = PBXBuildFile; fileRef = DC562692198B75E80040453F /* TIMER.ROM */; };
		DC5626A1198B75E80040453F /* PRINTER.ROM in Resources */ = {isa = PBXBuildFile; fileRef = DC562693198B75E80040453F /* PRINTER.ROM */; };
		DC5626A2198B75E80040453F /* NUT2.ROM in Resources */ = {isa = PBXBuildFile; fileRef = DC562694198B75E80040453F /* NUT2.ROM */; };
		DC5626A3198B75E80040453F /* NUT1.ROM in Resources */ = {isa = PBXBuildFile; fileRef = DC562695198B75E80040453F /* NUT1.ROM */; };
		DC5626A4198B75E80040453F /* NUT0.ROM in Resources */ = {isa = PBXBuildFile; fileRef = DC562696198B75E80040453F /* NUT0.ROM */; };
		DC5626A5198B75E80040453F /* CXFUNS1.ROM in Resources */ = {isa = PBXBuildFile; fileRef = DC562697198B75E80040453F /* CXFUNS1.ROM */; };
		DC5626A6198B75E80040453F /* CXFUNS0.ROM in Resources */ = {isa = PBXBuildFile; fileRef = DC562698198B75E80040453F /* CXFUNS0.ROM */; };
		DC5626A7198B75E80040453F /* ADV2.ROM in Resources */ = {isa = PBXBuildFile; fileRef = DC562699198B75E80040453F /* ADV2.ROM */; };
		DC5626A8198B75E80040453F /* ADV1.ROM in Resources */ = {isa = PBXBuildFile; fileRef = DC56269A198B75E80040453F /* ADV1.ROM */; };
		DC5626A9198B75E80040453F /* ADV0.ROM in Resources */ = {isa = PBXBuildFile; fileRef = DC56269B198B75E80040453F /* ADV0.ROM */; };
		DC5626AA198B75E80040453F /* CrdRdr-1E.rom in Resources */ = {isa = PBXBuildFile; fileRef = DC56269C198B75E80040453F /* CrdRdr-1E.rom */; };
		DC5626B1198B89FC0040453F /* RamChip.swift in Sources */ = {isa = PBXBuildFile; fileRef = DC5626B0198B89FC0040453F /* RamChip.swift */; };
		DC5E4BDD19F17E7B00BF831B /* Preferences.swift in Sources */ = {isa = PBXBuildFile; fileRef = DC5E4BDC19F17E7B00BF831B /* Preferences.swift */; };
		DC6728121A2769E800B4274F /* AlphaKeyboard.swift in Sources */ = {isa = PBXBuildFile; fileRef = DC6728111A2769E800B4274F /* AlphaKeyboard.swift */; };
		DC6DB98B19BA5C1800E26ADD /* Keyboard.swift in Sources */ = {isa = PBXBuildFile; fileRef = DC6DB98A19BA5C1800E26ADD /* Keyboard.swift */; };
		DC6DB98E19BB6A5200E26ADD /* Button.swift in Sources */ = {isa = PBXBuildFile; fileRef = DC6DB98D19BB6A5200E26ADD /* Button.swift */; };
		DC74922719CF1E600012B5C0 /* Debuger.swift in Sources */ = {isa = PBXBuildFile; fileRef = DC74922619CF1E600012B5C0 /* Debuger.swift */; };
		DC75043919B2652200180161 /* hpfont.hpfont in Resources */ = {isa = PBXBuildFile; fileRef = DC75043819B2652200180161 /* hpfont.hpfont */; };
		DC799D881A155CA2002FACBE /* my41.icns in Resources */ = {isa = PBXBuildFile; fileRef = DC799D871A155CA2002FACBE /* my41.icns */; };
		DC7B7E0F19AF99AB00C70269 /* CalculatorWindow.swift in Sources */ = {isa = PBXBuildFile; fileRef = DC7B7E0E19AF99AB00C70269 /* CalculatorWindow.swift */; };
		DC7B7E1119AFA4EE00C70269 /* Timer.swift in Sources */ = {isa = PBXBuildFile; fileRef = DC7B7E1019AFA4EE00C70269 /* Timer.swift */; };
		DCAD885C199D360B0027C925 /* CPU.swift in Sources */ = {isa = PBXBuildFile; fileRef = DCAD885B199D360B0027C925 /* CPU.swift */; };
		DCAD885E199D36150027C925 /* DataOperations.swift in Sources */ = {isa = PBXBuildFile; fileRef = DCAD885D199D36150027C925 /* DataOperations.swift */; };
		DCAD8860199D37CB0027C925 /* MOD.swift in Sources */ = {isa = PBXBuildFile; fileRef = DCAD885F199D37CB0027C925 /* MOD.swift */; };
		DCAD8862199D37E70027C925 /* RomChip.swift in Sources */ = {isa = PBXBuildFile; fileRef = DCAD8861199D37E70027C925 /* RomChip.swift */; };
		DCAD8864199D380C0027C925 /* Bus.swift in Sources */ = {isa = PBXBuildFile; fileRef = DCAD8863199D380C0027C925 /* Bus.swift */; };
		DCAD8866199D38540027C925 /* SoundOutput.swift in Sources */ = {isa = PBXBuildFile; fileRef = DCAD8865199D38540027C925 /* SoundOutput.swift */; };
		DCD48909198AF42B00F3B898 /* CalculatorController.swift in Sources */ = {isa = PBXBuildFile; fileRef = DCD48908198AF42B00F3B898 /* CalculatorController.swift */; };
		DCEA7DF219D6FA8B00E69234 /* Disassembly.swift in Sources */ = {isa = PBXBuildFile; fileRef = DCEA7DF119D6FA8B00E69234 /* Disassembly.swift */; };
		DCEEC9681A18A270000ECA76 /* PreferencesMenu.swift in Sources */ = {isa = PBXBuildFile; fileRef = DCEEC9671A18A270000ECA76 /* PreferencesMenu.swift */; };
		DCEEC96A1A18BE39000ECA76 /* PreferencesCalculator.swift in Sources */ = {isa = PBXBuildFile; fileRef = DCEEC9691A18BE39000ECA76 /* PreferencesCalculator.swift */; };
		DCEEC96C1A18CD40000ECA76 /* PreferencesMods.swift in Sources */ = {isa = PBXBuildFile; fileRef = DCEEC96B1A18CD40000ECA76 /* PreferencesMods.swift */; };
		DCF52A21199C971A006BF825 /* Extensions.swift in Sources */ = {isa = PBXBuildFile; fileRef = DCF52A20199C971A006BF825 /* Extensions.swift */; };
		DCFF74B01A1FE74A00C0DE9A /* DebugMemory.swift in Sources */ = {isa = PBXBuildFile; fileRef = DCFF74AF1A1FE74A00C0DE9A /* DebugMemory.swift */; };
/* End PBXBuildFile section */

/* Begin PBXContainerItemProxy section */
		DC45286219897DA600C40B6C /* PBXContainerItemProxy */ = {
			isa = PBXContainerItemProxy;
			containerPortal = DC45284519897DA500C40B6C /* Project object */;
			proxyType = 1;
			remoteGlobalIDString = DC45284C19897DA500C40B6C;
			remoteInfo = my41;
		};
/* End PBXContainerItemProxy section */

/* Begin PBXFileReference section */
		DC45284D19897DA600C40B6C /* my41.app */ = {isa = PBXFileReference; explicitFileType = wrapper.application; includeInIndex = 0; path = my41.app; sourceTree = BUILT_PRODUCTS_DIR; };
		DC45285119897DA600C40B6C /* Info.plist */ = {isa = PBXFileReference; lastKnownFileType = text.plist.xml; path = Info.plist; sourceTree = "<group>"; };
		DC45285219897DA600C40B6C /* main.swift */ = {isa = PBXFileReference; lastKnownFileType = sourcecode.swift; path = main.swift; sourceTree = "<group>"; };
		DC45285419897DA600C40B6C /* ViewController.swift */ = {isa = PBXFileReference; lastKnownFileType = sourcecode.swift; path = ViewController.swift; sourceTree = "<group>"; };
		DC45285619897DA600C40B6C /* AppDelegate.swift */ = {isa = PBXFileReference; lastKnownFileType = sourcecode.swift; path = AppDelegate.swift; sourceTree = "<group>"; };
		DC45285819897DA600C40B6C /* Images.xcassets */ = {isa = PBXFileReference; lastKnownFileType = folder.assetcatalog; path = Images.xcassets; sourceTree = "<group>"; };
		DC45285B19897DA600C40B6C /* Base */ = {isa = PBXFileReference; lastKnownFileType = file.storyboard; name = Base; path = Base.lproj/Main.storyboard; sourceTree = "<group>"; };
		DC45286119897DA600C40B6C /* my41Tests.xctest */ = {isa = PBXFileReference; explicitFileType = wrapper.cfbundle; includeInIndex = 0; path = my41Tests.xctest; sourceTree = BUILT_PRODUCTS_DIR; };
		DC45286619897DA600C40B6C /* Info.plist */ = {isa = PBXFileReference; lastKnownFileType = text.plist.xml; path = Info.plist; sourceTree = "<group>"; };
		DC45286719897DA600C40B6C /* my41Tests.swift */ = {isa = PBXFileReference; lastKnownFileType = sourcecode.swift; path = my41Tests.swift; sourceTree = "<group>"; };
		DC46ED8C19B3A09B0091E143 /* display.lookup */ = {isa = PBXFileReference; lastKnownFileType = file; path = display.lookup; sourceTree = "<group>"; };
		DC46ED8D19B3A09B0091E143 /* hpchar.geom */ = {isa = PBXFileReference; fileEncoding = 4; lastKnownFileType = sourcecode.glsl; path = hpchar.geom; sourceTree = "<group>"; };
		DC4AEB271A25CFAA00ABF0D8 /* Application.swift */ = {isa = PBXFileReference; fileEncoding = 4; lastKnownFileType = sourcecode.swift; name = Application.swift; path = Classes/Application.swift; sourceTree = "<group>"; };
		DC4AEB291A25E31A00ABF0D8 /* KeyboardShortcuts.swift */ = {isa = PBXFileReference; fileEncoding = 4; lastKnownFileType = sourcecode.swift; name = KeyboardShortcuts.swift; path = Classes/KeyboardShortcuts.swift; sourceTree = "<group>"; };
		DC4E040C1A1774F1008D6DD5 /* DebugerMenu.swift */ = {isa = PBXFileReference; fileEncoding = 4; lastKnownFileType = sourcecode.swift; name = DebugerMenu.swift; path = Classes/DebugerMenu.swift; sourceTree = "<group>"; };
		DC4E040E1A17783E008D6DD5 /* DebugCPU.swift */ = {isa = PBXFileReference; fileEncoding = 4; lastKnownFileType = sourcecode.swift; name = DebugCPU.swift; path = Classes/DebugCPU.swift; sourceTree = "<group>"; };
		DC5453A41A234F60003DB27E /* 41Z.MOD */ = {isa = PBXFileReference; lastKnownFileType = file; name = 41Z.MOD; path = MOD/41Z.MOD; sourceTree = "<group>"; };
		DC5453A51A234F60003DB27E /* 83TRINH.MOD */ = {isa = PBXFileReference; lastKnownFileType = file; name = 83TRINH.MOD; path = MOD/83TRINH.MOD; sourceTree = "<group>"; };
		DC5453A61A234F60003DB27E /* ADV-APP.MOD */ = {isa = PBXFileReference; lastKnownFileType = file; name = "ADV-APP.MOD"; path = "MOD/ADV-APP.MOD"; sourceTree = "<group>"; };
		DC5453A71A234F60003DB27E /* ADVANTAGE.MOD */ = {isa = PBXFileReference; lastKnownFileType = file; name = ADVANTAGE.MOD; path = MOD/ADVANTAGE.MOD; sourceTree = "<group>"; };
		DC5453A81A234F60003DB27E /* AECROM.MOD */ = {isa = PBXFileReference; lastKnownFileType = file; name = AECROM.MOD; path = MOD/AECROM.MOD; sourceTree = "<group>"; };
		DC5453A91A234F60003DB27E /* AFDC1.MOD */ = {isa = PBXFileReference; lastKnownFileType = file; name = AFDC1.MOD; path = MOD/AFDC1.MOD; sourceTree = "<group>"; };
		DC5453AA1A234F60003DB27E /* AFDC2.MOD */ = {isa = PBXFileReference; lastKnownFileType = file; name = AFDC2.MOD; path = MOD/AFDC2.MOD; sourceTree = "<group>"; };
		DC5453AB1A234F60003DB27E /* ALPHA.MOD */ = {isa = PBXFileReference; lastKnownFileType = file; name = ALPHA.MOD; path = MOD/ALPHA.MOD; sourceTree = "<group>"; };
		DC5453AC1A234F60003DB27E /* APAC.MOD */ = {isa = PBXFileReference; lastKnownFileType = file; name = APAC.MOD; path = MOD/APAC.MOD; sourceTree = "<group>"; };
		DC5453AD1A234F60003DB27E /* ASSEMBLER3.MOD */ = {isa = PBXFileReference; lastKnownFileType = file; name = ASSEMBLER3.MOD; path = MOD/ASSEMBLER3.MOD; sourceTree = "<group>"; };
		DC5453AE1A234F60003DB27E /* ASSEMBLER4.MOD */ = {isa = PBXFileReference; lastKnownFileType = file; name = ASSEMBLER4.MOD; path = MOD/ASSEMBLER4.MOD; sourceTree = "<group>"; };
		DC5453AF1A234F60003DB27E /* ASTROLOGY.MOD */ = {isa = PBXFileReference; lastKnownFileType = file; name = ASTROLOGY.MOD; path = MOD/ASTROLOGY.MOD; sourceTree = "<group>"; };
		DC5453B01A234F60003DB27E /* AUTOFINANCE.MOD */ = {isa = PBXFileReference; lastKnownFileType = file; name = AUTOFINANCE.MOD; path = MOD/AUTOFINANCE.MOD; sourceTree = "<group>"; };
		DC5453B11A234F60003DB27E /* AUTOSTART.MOD */ = {isa = PBXFileReference; lastKnownFileType = file; name = AUTOSTART.MOD; path = MOD/AUTOSTART.MOD; sourceTree = "<group>"; };
		DC5453B21A234F60003DB27E /* AVIATION.MOD */ = {isa = PBXFileReference; lastKnownFileType = file; name = AVIATION.MOD; path = MOD/AVIATION.MOD; sourceTree = "<group>"; };
		DC5453B31A234F60003DB27E /* BCMW.MOD */ = {isa = PBXFileReference; lastKnownFileType = file; name = BCMW.MOD; path = MOD/BCMW.MOD; sourceTree = "<group>"; };
		DC5453B41A234F60003DB27E /* BEECHCRAFT.MOD */ = {isa = PBXFileReference; lastKnownFileType = file; name = BEECHCRAFT.MOD; path = MOD/BEECHCRAFT.MOD; sourceTree = "<group>"; };
		DC5453B51A234F60003DB27E /* BLDROM.MOD */ = {isa = PBXFileReference; lastKnownFileType = file; name = BLDROM.MOD; path = MOD/BLDROM.MOD; sourceTree = "<group>"; };
		DC5453B61A234F60003DB27E /* BOEING-B52.MOD */ = {isa = PBXFileReference; lastKnownFileType = file; name = "BOEING-B52.MOD"; path = "MOD/BOEING-B52.MOD"; sourceTree = "<group>"; };
		DC5453B71A234F60003DB27E /* CARD-RDR.MOD */ = {isa = PBXFileReference; lastKnownFileType = file; name = "CARD-RDR.MOD"; path = "MOD/CARD-RDR.MOD"; sourceTree = "<group>"; };
		DC5453B81A234F60003DB27E /* CCD-MODIFIED.MOD */ = {isa = PBXFileReference; lastKnownFileType = file; name = "CCD-MODIFIED.MOD"; path = "MOD/CCD-MODIFIED.MOD"; sourceTree = "<group>"; };
		DC5453B91A234F60003DB27E /* CCD-OSX.MOD */ = {isa = PBXFileReference; lastKnownFileType = file; name = "CCD-OSX.MOD"; path = "MOD/CCD-OSX.MOD"; sourceTree = "<group>"; };
		DC5453BA1A234F60003DB27E /* CCD.MOD */ = {isa = PBXFileReference; lastKnownFileType = file; name = CCD.MOD; path = MOD/CCD.MOD; sourceTree = "<group>"; };
		DC5453BB1A234F60003DB27E /* CHEMUSER.MOD */ = {isa = PBXFileReference; lastKnownFileType = file; name = CHEMUSER.MOD; path = MOD/CHEMUSER.MOD; sourceTree = "<group>"; };
		DC5453BC1A234F60003DB27E /* CIRCUIT.MOD */ = {isa = PBXFileReference; lastKnownFileType = file; name = CIRCUIT.MOD; path = MOD/CIRCUIT.MOD; sourceTree = "<group>"; };
		DC5453BD1A234F60003DB27E /* CLINICAL.MOD */ = {isa = PBXFileReference; lastKnownFileType = file; name = CLINICAL.MOD; path = MOD/CLINICAL.MOD; sourceTree = "<group>"; };
		DC5453BE1A234F60003DB27E /* CMT-200.MOD */ = {isa = PBXFileReference; lastKnownFileType = file; name = "CMT-200.MOD"; path = "MOD/CMT-200.MOD"; sourceTree = "<group>"; };
		DC5453BF1A234F60003DB27E /* CMT-300.MOD */ = {isa = PBXFileReference; lastKnownFileType = file; name = "CMT-300.MOD"; path = "MOD/CMT-300.MOD"; sourceTree = "<group>"; };
		DC5453C01A234F60003DB27E /* CVPAK.MOD */ = {isa = PBXFileReference; lastKnownFileType = file; name = CVPAK.MOD; path = MOD/CVPAK.MOD; sourceTree = "<group>"; };
		DC5453C11A234F60003DB27E /* DATA-ACQ.MOD */ = {isa = PBXFileReference; lastKnownFileType = file; name = "DATA-ACQ.MOD"; path = "MOD/DATA-ACQ.MOD"; sourceTree = "<group>"; };
		DC5453C21A234F60003DB27E /* DAVID.MOD */ = {isa = PBXFileReference; lastKnownFileType = file; name = DAVID.MOD; path = MOD/DAVID.MOD; sourceTree = "<group>"; };
		DC5453C31A234F60003DB27E /* DIAGNOSTIC.MOD */ = {isa = PBXFileReference; lastKnownFileType = file; name = DIAGNOSTIC.MOD; path = MOD/DIAGNOSTIC.MOD; sourceTree = "<group>"; };
		DC5453C41A234F60003DB27E /* DIAMOND.MOD */ = {isa = PBXFileReference; lastKnownFileType = file; name = DIAMOND.MOD; path = MOD/DIAMOND.MOD; sourceTree = "<group>"; };
		DC5453C51A234F60003DB27E /* DISASM4C.MOD */ = {isa = PBXFileReference; lastKnownFileType = file; name = DISASM4C.MOD; path = MOD/DISASM4C.MOD; sourceTree = "<group>"; };
		DC5453C61A234F60003DB27E /* DISASM4D.MOD */ = {isa = PBXFileReference; lastKnownFileType = file; name = DISASM4D.MOD; path = MOD/DISASM4D.MOD; sourceTree = "<group>"; };
		DC5453C71A234F60003DB27E /* DYERKA.MOD */ = {isa = PBXFileReference; lastKnownFileType = file; name = DYERKA.MOD; path = MOD/DYERKA.MOD; sourceTree = "<group>"; };
		DC5453C81A234F60003DB27E /* ES-41.MOD */ = {isa = PBXFileReference; lastKnownFileType = file; name = "ES-41.MOD"; path = "MOD/ES-41.MOD"; sourceTree = "<group>"; };
		DC5453C91A234F60003DB27E /* ES-MLDL.MOD */ = {isa = PBXFileReference; lastKnownFileType = file; name = "ES-MLDL.MOD"; path = "MOD/ES-MLDL.MOD"; sourceTree = "<group>"; };
		DC5453CA1A234F60003DB27E /* EXT-FUNS.MOD */ = {isa = PBXFileReference; lastKnownFileType = file; name = "EXT-FUNS.MOD"; path = "MOD/EXT-FUNS.MOD"; sourceTree = "<group>"; };
		DC5453CB1A234F60003DB27E /* EXT-IL.MOD */ = {isa = PBXFileReference; lastKnownFileType = file; name = "EXT-IL.MOD"; path = "MOD/EXT-IL.MOD"; sourceTree = "<group>"; };
		DC5453CC1A234F60003DB27E /* EXT-IO.MOD */ = {isa = PBXFileReference; lastKnownFileType = file; name = "EXT-IO.MOD"; path = "MOD/EXT-IO.MOD"; sourceTree = "<group>"; };
		DC5453CD1A234F60003DB27E /* EXT-MEM.MOD */ = {isa = PBXFileReference; lastKnownFileType = file; name = "EXT-MEM.MOD"; path = "MOD/EXT-MEM.MOD"; sourceTree = "<group>"; };
		DC5453CE1A234F60003DB27E /* FINANCE.MOD */ = {isa = PBXFileReference; lastKnownFileType = file; name = FINANCE.MOD; path = MOD/FINANCE.MOD; sourceTree = "<group>"; };
		DC5453CF1A234F60003DB27E /* FORTH.MOD */ = {isa = PBXFileReference; lastKnownFileType = file; name = FORTH.MOD; path = MOD/FORTH.MOD; sourceTree = "<group>"; };
		DC5453D01A234F60003DB27E /* GAMES.MOD */ = {isa = PBXFileReference; lastKnownFileType = file; name = GAMES.MOD; path = MOD/GAMES.MOD; sourceTree = "<group>"; };
		DC5453D11A234F60003DB27E /* GMAC2.MOD */ = {isa = PBXFileReference; lastKnownFileType = file; name = GMAC2.MOD; path = MOD/GMAC2.MOD; sourceTree = "<group>"; };
		DC5453D21A234F60003DB27E /* GMAC3.MOD */ = {isa = PBXFileReference; lastKnownFileType = file; name = GMAC3.MOD; path = MOD/GMAC3.MOD; sourceTree = "<group>"; };
		DC5453D31A234F60003DB27E /* HEP-2MEM.MOD */ = {isa = PBXFileReference; lastKnownFileType = file; name = "HEP-2MEM.MOD"; path = "MOD/HEP-2MEM.MOD"; sourceTree = "<group>"; };
		DC5453D41A234F60003DB27E /* HEP-MEM.MOD */ = {isa = PBXFileReference; lastKnownFileType = file; name = "HEP-MEM.MOD"; path = "MOD/HEP-MEM.MOD"; sourceTree = "<group>"; };
		DC5453D51A234F60003DB27E /* Hepax-1C.mod */ = {isa = PBXFileReference; lastKnownFileType = file; name = "Hepax-1C.mod"; path = "MOD/Hepax-1C.mod"; sourceTree = "<group>"; };
		DC5453D61A234F60003DB27E /* HEPAX.MOD */ = {isa = PBXFileReference; lastKnownFileType = file; name = HEPAX.MOD; path = MOD/HEPAX.MOD; sourceTree = "<group>"; };
		DC5453D71A234F60003DB27E /* HOME-MGT.MOD */ = {isa = PBXFileReference; lastKnownFileType = file; name = "HOME-MGT.MOD"; path = "MOD/HOME-MGT.MOD"; sourceTree = "<group>"; };
		DC5453D81A234F60003DB27E /* HPIL-DEV.MOD */ = {isa = PBXFileReference; lastKnownFileType = file; name = "HPIL-DEV.MOD"; path = "MOD/HPIL-DEV.MOD"; sourceTree = "<group>"; };
		DC5453D91A234F60003DB27E /* HPIL-DIAG.MOD */ = {isa = PBXFileReference; lastKnownFileType = file; name = "HPIL-DIAG.MOD"; path = "MOD/HPIL-DIAG.MOD"; sourceTree = "<group>"; };
		DC5453DA1A234F60003DB27E /* HPIL.MOD */ = {isa = PBXFileReference; lastKnownFileType = file; name = HPIL.MOD; path = MOD/HPIL.MOD; sourceTree = "<group>"; };
		DC5453DB1A234F60003DB27E /* HYDRACOMP.MOD */ = {isa = PBXFileReference; lastKnownFileType = file; name = HYDRACOMP.MOD; path = MOD/HYDRACOMP.MOD; sourceTree = "<group>"; };
		DC5453DC1A234F60003DB27E /* ICEBOX.MOD */ = {isa = PBXFileReference; lastKnownFileType = file; name = ICEBOX.MOD; path = MOD/ICEBOX.MOD; sourceTree = "<group>"; };
		DC5453DD1A234F60003DB27E /* ICODE.MOD */ = {isa = PBXFileReference; lastKnownFileType = file; name = ICODE.MOD; path = MOD/ICODE.MOD; sourceTree = "<group>"; };
		DC5453DE1A234F60003DB27E /* IR-PRINT.MOD */ = {isa = PBXFileReference; lastKnownFileType = file; name = "IR-PRINT.MOD"; path = "MOD/IR-PRINT.MOD"; sourceTree = "<group>"; };
		DC5453DF1A234F60003DB27E /* LAITRAM-XQ2.MOD */ = {isa = PBXFileReference; lastKnownFileType = file; name = "LAITRAM-XQ2.MOD"; path = "MOD/LAITRAM-XQ2.MOD"; sourceTree = "<group>"; };
		DC5453E01A234F60003DB27E /* LANDNAV.MOD */ = {isa = PBXFileReference; lastKnownFileType = file; name = LANDNAV.MOD; path = MOD/LANDNAV.MOD; sourceTree = "<group>"; };
		DC5453E11A234F60003DB27E /* LBLAPP1A.MOD */ = {isa = PBXFileReference; lastKnownFileType = file; name = LBLAPP1A.MOD; path = MOD/LBLAPP1A.MOD; sourceTree = "<group>"; };
		DC5453E21A234F60003DB27E /* MACHINE.MOD */ = {isa = PBXFileReference; lastKnownFileType = file; name = MACHINE.MOD; path = MOD/MACHINE.MOD; sourceTree = "<group>"; };
		DC5453E31A234F60003DB27E /* MATH.MOD */ = {isa = PBXFileReference; lastKnownFileType = file; name = MATH.MOD; path = MOD/MATH.MOD; sourceTree = "<group>"; };
		DC5453E41A234F60003DB27E /* MATHSTAT.MOD */ = {isa = PBXFileReference; lastKnownFileType = file; name = MATHSTAT.MOD; path = MOD/MATHSTAT.MOD; sourceTree = "<group>"; };
		DC5453E51A234F60003DB27E /* MC-EPROM.MOD */ = {isa = PBXFileReference; lastKnownFileType = file; name = "MC-EPROM.MOD"; path = "MOD/MC-EPROM.MOD"; sourceTree = "<group>"; };
		DC5453E61A234F60003DB27E /* MCTEST.MOD */ = {isa = PBXFileReference; lastKnownFileType = file; name = MCTEST.MOD; path = MOD/MCTEST.MOD; sourceTree = "<group>"; };
		DC5453E71A234F60003DB27E /* MDP1.MOD */ = {isa = PBXFileReference; lastKnownFileType = file; name = MDP1.MOD; path = MOD/MDP1.MOD; sourceTree = "<group>"; };
		DC5453E81A234F60003DB27E /* MDP2.MOD */ = {isa = PBXFileReference; lastKnownFileType = file; name = MDP2.MOD; path = MOD/MDP2.MOD; sourceTree = "<group>"; };
		DC5453E91A234F60003DB27E /* MELBOURNE.MOD */ = {isa = PBXFileReference; lastKnownFileType = file; name = MELBOURNE.MOD; path = MOD/MELBOURNE.MOD; sourceTree = "<group>"; };
		DC5453EA1A234F60003DB27E /* MEM.MOD */ = {isa = PBXFileReference; lastKnownFileType = file; name = MEM.MOD; path = MOD/MEM.MOD; sourceTree = "<group>"; };
		DC5453EB1A234F60003DB27E /* MIL-ENG.MOD */ = {isa = PBXFileReference; lastKnownFileType = file; name = "MIL-ENG.MOD"; path = "MOD/MIL-ENG.MOD"; sourceTree = "<group>"; };
		DC5453EC1A234F60003DB27E /* MLDLOS.MOD */ = {isa = PBXFileReference; lastKnownFileType = file; name = MLDLOS.MOD; path = MOD/MLDLOS.MOD; sourceTree = "<group>"; };
		DC5453ED1A234F60003DB27E /* MLEPROM.MOD */ = {isa = PBXFileReference; lastKnownFileType = file; name = MLEPROM.MOD; path = MOD/MLEPROM.MOD; sourceTree = "<group>"; };
		DC5453EE1A234F60003DB27E /* MLROM.MOD */ = {isa = PBXFileReference; lastKnownFileType = file; name = MLROM.MOD; path = MOD/MLROM.MOD; sourceTree = "<group>"; };
		DC5453EF1A234F60003DB27E /* MMEPROM.MOD */ = {isa = PBXFileReference; lastKnownFileType = file; name = MMEPROM.MOD; path = MOD/MMEPROM.MOD; sourceTree = "<group>"; };
		DC5453F01A234F60003DB27E /* MUECKE.MOD */ = {isa = PBXFileReference; lastKnownFileType = file; name = MUECKE.MOD; path = MOD/MUECKE.MOD; sourceTree = "<group>"; };
		DC5453F11A234F60003DB27E /* NAVCOM2.MOD */ = {isa = PBXFileReference; lastKnownFileType = file; name = NAVCOM2.MOD; path = MOD/NAVCOM2.MOD; sourceTree = "<group>"; };
		DC5453F21A234F60003DB27E /* NAVIGATION.MOD */ = {isa = PBXFileReference; lastKnownFileType = file; name = NAVIGATION.MOD; path = MOD/NAVIGATION.MOD; sourceTree = "<group>"; };
		DC5453F31A234F60003DB27E /* NAVPAC2.MOD */ = {isa = PBXFileReference; lastKnownFileType = file; name = NAVPAC2.MOD; path = MOD/NAVPAC2.MOD; sourceTree = "<group>"; };
		DC5453F41A234F60003DB27E /* NFCROM.MOD */ = {isa = PBXFileReference; lastKnownFileType = file; name = NFCROM.MOD; path = MOD/NFCROM.MOD; sourceTree = "<group>"; };
		DC5453F51A234F60003DB27E /* NUT-C.MOD */ = {isa = PBXFileReference; lastKnownFileType = file; name = "NUT-C.MOD"; path = "MOD/NUT-C.MOD"; sourceTree = "<group>"; };
		DC5453F61A234F60003DB27E /* NUT-CV-GFF.MOD */ = {isa = PBXFileReference; lastKnownFileType = file; name = "NUT-CV-GFF.MOD"; path = "MOD/NUT-CV-GFF.MOD"; sourceTree = "<group>"; };
		DC5453F71A234F60003DB27E /* NUT-CV.MOD */ = {isa = PBXFileReference; lastKnownFileType = file; name = "NUT-CV.MOD"; path = "MOD/NUT-CV.MOD"; sourceTree = "<group>"; };
		DC5453F81A234F60003DB27E /* NUT-CX.MOD */ = {isa = PBXFileReference; lastKnownFileType = file; name = "NUT-CX.MOD"; path = "MOD/NUT-CX.MOD"; sourceTree = "<group>"; };
		DC5453F91A234F60003DB27E /* PANAME.MOD */ = {isa = PBXFileReference; lastKnownFileType = file; name = PANAME.MOD; path = MOD/PANAME.MOD; sourceTree = "<group>"; };
		DC5453FA1A234F60003DB27E /* PCCOM.MOD */ = {isa = PBXFileReference; lastKnownFileType = file; name = PCCOM.MOD; path = MOD/PCCOM.MOD; sourceTree = "<group>"; };
		DC5453FB1A234F60003DB27E /* PETROLEUM.MOD */ = {isa = PBXFileReference; lastKnownFileType = file; name = PETROLEUM.MOD; path = MOD/PETROLEUM.MOD; sourceTree = "<group>"; };
		DC5453FC1A234F60003DB27E /* PLOTTER.MOD */ = {isa = PBXFileReference; lastKnownFileType = file; name = PLOTTER.MOD; path = MOD/PLOTTER.MOD; sourceTree = "<group>"; };
		DC5453FD1A234F60003DB27E /* PPC-MELB.MOD */ = {isa = PBXFileReference; lastKnownFileType = file; name = "PPC-MELB.MOD"; path = "MOD/PPC-MELB.MOD"; sourceTree = "<group>"; };
		DC5453FE1A234F60003DB27E /* PPC.MOD */ = {isa = PBXFileReference; lastKnownFileType = file; name = PPC.MOD; path = MOD/PPC.MOD; sourceTree = "<group>"; };
		DC5453FF1A234F60003DB27E /* PRIDE.MOD */ = {isa = PBXFileReference; lastKnownFileType = file; name = PRIDE.MOD; path = MOD/PRIDE.MOD; sourceTree = "<group>"; };
		DC5454001A234F60003DB27E /* PRINTER.MOD */ = {isa = PBXFileReference; lastKnownFileType = file; name = PRINTER.MOD; path = MOD/PRINTER.MOD; sourceTree = "<group>"; };
		DC5454011A234F60003DB27E /* PRINTERSERVICE.MOD */ = {isa = PBXFileReference; lastKnownFileType = file; name = PRINTERSERVICE.MOD; path = MOD/PRINTERSERVICE.MOD; sourceTree = "<group>"; };
		DC5454021A234F60003DB27E /* PROFISET.MOD */ = {isa = PBXFileReference; lastKnownFileType = file; name = PROFISET.MOD; path = MOD/PROFISET.MOD; sourceTree = "<group>"; };
		DC5454031A234F60003DB27E /* PROTOCODER2.MOD */ = {isa = PBXFileReference; lastKnownFileType = file; name = PROTOCODER2.MOD; path = MOD/PROTOCODER2.MOD; sourceTree = "<group>"; };
		DC5454041A234F60003DB27E /* PROTOPARIO.MOD */ = {isa = PBXFileReference; lastKnownFileType = file; name = PROTOPARIO.MOD; path = MOD/PROTOPARIO.MOD; sourceTree = "<group>"; };
		DC5454051A234F60003DB27E /* PS0F.MOD */ = {isa = PBXFileReference; lastKnownFileType = file; name = PS0F.MOD; path = MOD/PS0F.MOD; sourceTree = "<group>"; };
		DC5454061A234F60003DB27E /* QUADMEM.MOD */ = {isa = PBXFileReference; lastKnownFileType = file; name = QUADMEM.MOD; path = MOD/QUADMEM.MOD; sourceTree = "<group>"; };
		DC5454071A234F60003DB27E /* RAM4K.MOD */ = {isa = PBXFileReference; lastKnownFileType = file; name = RAM4K.MOD; path = MOD/RAM4K.MOD; sourceTree = "<group>"; };
		DC5454081A234F60003DB27E /* RAM8K.MOD */ = {isa = PBXFileReference; lastKnownFileType = file; name = RAM8K.MOD; path = MOD/RAM8K.MOD; sourceTree = "<group>"; };
		DC5454091A234F60003DB27E /* RAM16K.MOD */ = {isa = PBXFileReference; lastKnownFileType = file; name = RAM16K.MOD; path = MOD/RAM16K.MOD; sourceTree = "<group>"; };
		DC54540A1A234F60003DB27E /* RAM32K.MOD */ = {isa = PBXFileReference; lastKnownFileType = file; name = RAM32K.MOD; path = MOD/RAM32K.MOD; sourceTree = "<group>"; };
		DC54540B1A234F61003DB27E /* REAL-ESTATE.MOD */ = {isa = PBXFileReference; lastKnownFileType = file; name = "REAL-ESTATE.MOD"; path = "MOD/REAL-ESTATE.MOD"; sourceTree = "<group>"; };
		DC54540C1A234F61003DB27E /* ROAM-0.MOD */ = {isa = PBXFileReference; lastKnownFileType = file; name = "ROAM-0.MOD"; path = "MOD/ROAM-0.MOD"; sourceTree = "<group>"; };
		DC54540D1A234F61003DB27E /* ROAM-0A.MOD */ = {isa = PBXFileReference; lastKnownFileType = file; name = "ROAM-0A.MOD"; path = "MOD/ROAM-0A.MOD"; sourceTree = "<group>"; };
		DC54540E1A234F61003DB27E /* ROMSV01.MOD */ = {isa = PBXFileReference; lastKnownFileType = file; name = ROMSV01.MOD; path = MOD/ROMSV01.MOD; sourceTree = "<group>"; };
		DC54540F1A234F61003DB27E /* SANDBOX.MOD */ = {isa = PBXFileReference; lastKnownFileType = file; name = SANDBOX.MOD; path = MOD/SANDBOX.MOD; sourceTree = "<group>"; };
		DC5454101A234F61003DB27E /* SANDMATH-III.MOD */ = {isa = PBXFileReference; lastKnownFileType = file; name = "SANDMATH-III.MOD"; path = "MOD/SANDMATH-III.MOD"; sourceTree = "<group>"; };
		DC5454111A234F61003DB27E /* SANDMATH.MOD */ = {isa = PBXFileReference; lastKnownFileType = file; name = SANDMATH.MOD; path = MOD/SANDMATH.MOD; sourceTree = "<group>"; };
		DC5454121A234F61003DB27E /* SECURITIES.MOD */ = {isa = PBXFileReference; lastKnownFileType = file; name = SECURITIES.MOD; path = MOD/SECURITIES.MOD; sourceTree = "<group>"; };
		DC5454131A234F61003DB27E /* SENDPGM.MOD */ = {isa = PBXFileReference; lastKnownFileType = file; name = SENDPGM.MOD; path = MOD/SENDPGM.MOD; sourceTree = "<group>"; };
		DC5454141A234F61003DB27E /* SERVICE-CV.MOD */ = {isa = PBXFileReference; lastKnownFileType = file; name = "SERVICE-CV.MOD"; path = "MOD/SERVICE-CV.MOD"; sourceTree = "<group>"; };
		DC5454151A234F61003DB27E /* SERVICE.MOD */ = {isa = PBXFileReference; lastKnownFileType = file; name = SERVICE.MOD; path = MOD/SERVICE.MOD; sourceTree = "<group>"; };
		DC5454161A234F61003DB27E /* SGS-GAS.MOD */ = {isa = PBXFileReference; lastKnownFileType = file; name = "SGS-GAS.MOD"; path = "MOD/SGS-GAS.MOD"; sourceTree = "<group>"; };
		DC5454171A234F61003DB27E /* SIM.MOD */ = {isa = PBXFileReference; lastKnownFileType = file; name = SIM.MOD; path = MOD/SIM.MOD; sourceTree = "<group>"; };
		DC5454181A234F61003DB27E /* SIMPLEX.MOD */ = {isa = PBXFileReference; lastKnownFileType = file; name = SIMPLEX.MOD; path = MOD/SIMPLEX.MOD; sourceTree = "<group>"; };
		DC5454191A234F61003DB27E /* SKWIDBC.MOD */ = {isa = PBXFileReference; lastKnownFileType = file; name = SKWIDBC.MOD; path = MOD/SKWIDBC.MOD; sourceTree = "<group>"; };
		DC54541A1A234F61003DB27E /* SPEED-MACHINE2.MOD */ = {isa = PBXFileReference; lastKnownFileType = file; name = "SPEED-MACHINE2.MOD"; path = "MOD/SPEED-MACHINE2.MOD"; sourceTree = "<group>"; };
		DC54541B1A234F61003DB27E /* STANDARD.MOD */ = {isa = PBXFileReference; lastKnownFileType = file; name = STANDARD.MOD; path = MOD/STANDARD.MOD; sourceTree = "<group>"; };
		DC54541C1A234F61003DB27E /* STAT.MOD */ = {isa = PBXFileReference; lastKnownFileType = file; name = STAT.MOD; path = MOD/STAT.MOD; sourceTree = "<group>"; };
		DC54541D1A234F61003DB27E /* STRESS.MOD */ = {isa = PBXFileReference; lastKnownFileType = file; name = STRESS.MOD; path = MOD/STRESS.MOD; sourceTree = "<group>"; };
		DC54541E1A234F61003DB27E /* STRUCTURAL.MOD */ = {isa = PBXFileReference; lastKnownFileType = file; name = STRUCTURAL.MOD; path = MOD/STRUCTURAL.MOD; sourceTree = "<group>"; };
		DC54541F1A234F61003DB27E /* SUP-R-ROM.MOD */ = {isa = PBXFileReference; lastKnownFileType = file; name = "SUP-R-ROM.MOD"; path = "MOD/SUP-R-ROM.MOD"; sourceTree = "<group>"; };
		DC5454201A234F61003DB27E /* SURVEY.MOD */ = {isa = PBXFileReference; lastKnownFileType = file; name = SURVEY.MOD; path = MOD/SURVEY.MOD; sourceTree = "<group>"; };
		DC5454211A234F61003DB27E /* THERMAL.MOD */ = {isa = PBXFileReference; lastKnownFileType = file; name = THERMAL.MOD; path = MOD/THERMAL.MOD; sourceTree = "<group>"; };
		DC5454221A234F61003DB27E /* TIME.MOD */ = {isa = PBXFileReference; lastKnownFileType = file; name = TIME.MOD; path = MOD/TIME.MOD; sourceTree = "<group>"; };
		DC5454231A234F61003DB27E /* TOMSROM.MOD */ = {isa = PBXFileReference; lastKnownFileType = file; name = TOMSROM.MOD; path = MOD/TOMSROM.MOD; sourceTree = "<group>"; };
		DC5454241A234F61003DB27E /* TOMSROM1.MOD */ = {isa = PBXFileReference; lastKnownFileType = file; name = TOMSROM1.MOD; path = MOD/TOMSROM1.MOD; sourceTree = "<group>"; };
		DC5454251A234F61003DB27E /* TOOLBOX.MOD */ = {isa = PBXFileReference; lastKnownFileType = file; name = TOOLBOX.MOD; path = MOD/TOOLBOX.MOD; sourceTree = "<group>"; };
		DC5454261A234F61003DB27E /* USPS.MOD */ = {isa = PBXFileReference; lastKnownFileType = file; name = USPS.MOD; path = MOD/USPS.MOD; sourceTree = "<group>"; };
		DC5454271A234F61003DB27E /* WAND.MOD */ = {isa = PBXFileReference; lastKnownFileType = file; name = WAND.MOD; path = MOD/WAND.MOD; sourceTree = "<group>"; };
		DC5454281A234F61003DB27E /* WWRAMBOX2.MOD */ = {isa = PBXFileReference; lastKnownFileType = file; name = WWRAMBOX2.MOD; path = MOD/WWRAMBOX2.MOD; sourceTree = "<group>"; };
		DC5454291A234F61003DB27E /* WWRAMBOXI.MOD */ = {isa = PBXFileReference; lastKnownFileType = file; name = WWRAMBOXI.MOD; path = MOD/WWRAMBOXI.MOD; sourceTree = "<group>"; };
		DC54542A1A234F61003DB27E /* WWRAMBOXII.MOD */ = {isa = PBXFileReference; lastKnownFileType = file; name = WWRAMBOXII.MOD; path = MOD/WWRAMBOXII.MOD; sourceTree = "<group>"; };
		DC54542B1A234F61003DB27E /* ZENROM.MOD */ = {isa = PBXFileReference; lastKnownFileType = file; name = ZENROM.MOD; path = MOD/ZENROM.MOD; sourceTree = "<group>"; };
		DC54542C1A234F61003DB27E /* ZEPROM.MOD */ = {isa = PBXFileReference; lastKnownFileType = file; name = ZEPROM.MOD; path = MOD/ZEPROM.MOD; sourceTree = "<group>"; };
		DC56268F198B75E80040453F /* XNUT2.ROM */ = {isa = PBXFileReference; lastKnownFileType = file; name = XNUT2.ROM; path = ROMs/XNUT2.ROM; sourceTree = "<group>"; };
		DC562690198B75E80040453F /* XNUT1.ROM */ = {isa = PBXFileReference; lastKnownFileType = file; name = XNUT1.ROM; path = ROMs/XNUT1.ROM; sourceTree = "<group>"; };
		DC562691198B75E80040453F /* XNUT0.ROM */ = {isa = PBXFileReference; lastKnownFileType = file; name = XNUT0.ROM; path = ROMs/XNUT0.ROM; sourceTree = "<group>"; };
		DC562692198B75E80040453F /* TIMER.ROM */ = {isa = PBXFileReference; lastKnownFileType = file; name = TIMER.ROM; path = ROMs/TIMER.ROM; sourceTree = "<group>"; };
		DC562693198B75E80040453F /* PRINTER.ROM */ = {isa = PBXFileReference; lastKnownFileType = file; name = PRINTER.ROM; path = ROMs/PRINTER.ROM; sourceTree = "<group>"; };
		DC562694198B75E80040453F /* NUT2.ROM */ = {isa = PBXFileReference; lastKnownFileType = file; name = NUT2.ROM; path = ROMs/NUT2.ROM; sourceTree = "<group>"; };
		DC562695198B75E80040453F /* NUT1.ROM */ = {isa = PBXFileReference; lastKnownFileType = file; name = NUT1.ROM; path = ROMs/NUT1.ROM; sourceTree = "<group>"; };
		DC562696198B75E80040453F /* NUT0.ROM */ = {isa = PBXFileReference; lastKnownFileType = file; name = NUT0.ROM; path = ROMs/NUT0.ROM; sourceTree = "<group>"; };
		DC562697198B75E80040453F /* CXFUNS1.ROM */ = {isa = PBXFileReference; lastKnownFileType = file; name = CXFUNS1.ROM; path = ROMs/CXFUNS1.ROM; sourceTree = "<group>"; };
		DC562698198B75E80040453F /* CXFUNS0.ROM */ = {isa = PBXFileReference; lastKnownFileType = file; name = CXFUNS0.ROM; path = ROMs/CXFUNS0.ROM; sourceTree = "<group>"; };
		DC562699198B75E80040453F /* ADV2.ROM */ = {isa = PBXFileReference; lastKnownFileType = file; name = ADV2.ROM; path = ROMs/ADV2.ROM; sourceTree = "<group>"; };
		DC56269A198B75E80040453F /* ADV1.ROM */ = {isa = PBXFileReference; lastKnownFileType = file; name = ADV1.ROM; path = ROMs/ADV1.ROM; sourceTree = "<group>"; };
		DC56269B198B75E80040453F /* ADV0.ROM */ = {isa = PBXFileReference; lastKnownFileType = file; name = ADV0.ROM; path = ROMs/ADV0.ROM; sourceTree = "<group>"; };
		DC56269C198B75E80040453F /* CrdRdr-1E.rom */ = {isa = PBXFileReference; lastKnownFileType = file; name = "CrdRdr-1E.rom"; path = "ROMs/CrdRdr-1E.rom"; sourceTree = "<group>"; };
		DC5626B0198B89FC0040453F /* RamChip.swift */ = {isa = PBXFileReference; fileEncoding = 4; lastKnownFileType = sourcecode.swift; name = RamChip.swift; path = Classes/RamChip.swift; sourceTree = "<group>"; };
		DC5E4BDC19F17E7B00BF831B /* Preferences.swift */ = {isa = PBXFileReference; fileEncoding = 4; lastKnownFileType = sourcecode.swift; name = Preferences.swift; path = Classes/Preferences.swift; sourceTree = "<group>"; };
		DC6728111A2769E800B4274F /* AlphaKeyboard.swift */ = {isa = PBXFileReference; fileEncoding = 4; lastKnownFileType = sourcecode.swift; name = AlphaKeyboard.swift; path = Classes/AlphaKeyboard.swift; sourceTree = "<group>"; };
		DC6DB98A19BA5C1800E26ADD /* Keyboard.swift */ = {isa = PBXFileReference; fileEncoding = 4; lastKnownFileType = sourcecode.swift; name = Keyboard.swift; path = Classes/Keyboard.swift; sourceTree = "<group>"; };
		DC6DB98D19BB6A5200E26ADD /* Button.swift */ = {isa = PBXFileReference; fileEncoding = 4; lastKnownFileType = sourcecode.swift; name = Button.swift; path = Classes/Button.swift; sourceTree = "<group>"; };
		DC74922619CF1E600012B5C0 /* Debuger.swift */ = {isa = PBXFileReference; fileEncoding = 4; lastKnownFileType = sourcecode.swift; name = Debuger.swift; path = Classes/Debuger.swift; sourceTree = "<group>"; };
		DC75043819B2652200180161 /* hpfont.hpfont */ = {isa = PBXFileReference; lastKnownFileType = file; path = hpfont.hpfont; sourceTree = "<group>"; };
		DC799D871A155CA2002FACBE /* my41.icns */ = {isa = PBXFileReference; lastKnownFileType = image.icns; name = my41.icns; path = my41/my41.icns; sourceTree = "<group>"; };
		DC7B7E0E19AF99AB00C70269 /* CalculatorWindow.swift */ = {isa = PBXFileReference; fileEncoding = 4; lastKnownFileType = sourcecode.swift; name = CalculatorWindow.swift; path = Classes/CalculatorWindow.swift; sourceTree = "<group>"; };
		DC7B7E1019AFA4EE00C70269 /* Timer.swift */ = {isa = PBXFileReference; fileEncoding = 4; lastKnownFileType = sourcecode.swift; name = Timer.swift; path = Classes/Timer.swift; sourceTree = "<group>"; };
		DCAD885B199D360B0027C925 /* CPU.swift */ = {isa = PBXFileReference; fileEncoding = 4; lastKnownFileType = sourcecode.swift; name = CPU.swift; path = Classes/CPU.swift; sourceTree = "<group>"; };
		DCAD885D199D36150027C925 /* DataOperations.swift */ = {isa = PBXFileReference; fileEncoding = 4; lastKnownFileType = sourcecode.swift; name = DataOperations.swift; path = Classes/DataOperations.swift; sourceTree = "<group>"; };
		DCAD885F199D37CB0027C925 /* MOD.swift */ = {isa = PBXFileReference; fileEncoding = 4; lastKnownFileType = sourcecode.swift; name = MOD.swift; path = Classes/MOD.swift; sourceTree = "<group>"; };
		DCAD8861199D37E70027C925 /* RomChip.swift */ = {isa = PBXFileReference; fileEncoding = 4; lastKnownFileType = sourcecode.swift; name = RomChip.swift; path = Classes/RomChip.swift; sourceTree = "<group>"; };
		DCAD8863199D380C0027C925 /* Bus.swift */ = {isa = PBXFileReference; fileEncoding = 4; lastKnownFileType = sourcecode.swift; name = Bus.swift; path = Classes/Bus.swift; sourceTree = "<group>"; };
		DCAD8865199D38540027C925 /* SoundOutput.swift */ = {isa = PBXFileReference; fileEncoding = 4; lastKnownFileType = sourcecode.swift; name = SoundOutput.swift; path = Classes/SoundOutput.swift; sourceTree = "<group>"; };
		DCD48908198AF42B00F3B898 /* CalculatorController.swift */ = {isa = PBXFileReference; fileEncoding = 4; lastKnownFileType = sourcecode.swift; name = CalculatorController.swift; path = Classes/CalculatorController.swift; sourceTree = "<group>"; };
		DCEA7DF119D6FA8B00E69234 /* Disassembly.swift */ = {isa = PBXFileReference; fileEncoding = 4; lastKnownFileType = sourcecode.swift; name = Disassembly.swift; path = Classes/Disassembly.swift; sourceTree = "<group>"; };
		DCEEC9671A18A270000ECA76 /* PreferencesMenu.swift */ = {isa = PBXFileReference; fileEncoding = 4; lastKnownFileType = sourcecode.swift; name = PreferencesMenu.swift; path = Classes/PreferencesMenu.swift; sourceTree = "<group>"; };
		DCEEC9691A18BE39000ECA76 /* PreferencesCalculator.swift */ = {isa = PBXFileReference; fileEncoding = 4; lastKnownFileType = sourcecode.swift; name = PreferencesCalculator.swift; path = Classes/PreferencesCalculator.swift; sourceTree = "<group>"; };
		DCEEC96B1A18CD40000ECA76 /* PreferencesMods.swift */ = {isa = PBXFileReference; fileEncoding = 4; lastKnownFileType = sourcecode.swift; name = PreferencesMods.swift; path = Classes/PreferencesMods.swift; sourceTree = "<group>"; };
		DCF52A20199C971A006BF825 /* Extensions.swift */ = {isa = PBXFileReference; fileEncoding = 4; lastKnownFileType = sourcecode.swift; name = Extensions.swift; path = Classes/Extensions.swift; sourceTree = "<group>"; };
		DCFF74AF1A1FE74A00C0DE9A /* DebugMemory.swift */ = {isa = PBXFileReference; fileEncoding = 4; lastKnownFileType = sourcecode.swift; name = DebugMemory.swift; path = Classes/DebugMemory.swift; sourceTree = "<group>"; };
/* End PBXFileReference section */

/* Begin PBXFrameworksBuildPhase section */
		DC45284A19897DA500C40B6C /* Frameworks */ = {
			isa = PBXFrameworksBuildPhase;
			buildActionMask = 2147483647;
			files = (
			);
			runOnlyForDeploymentPostprocessing = 0;
		};
		DC45285E19897DA600C40B6C /* Frameworks */ = {
			isa = PBXFrameworksBuildPhase;
			buildActionMask = 2147483647;
			files = (
			);
			runOnlyForDeploymentPostprocessing = 0;
		};
/* End PBXFrameworksBuildPhase section */

/* Begin PBXGroup section */
		DC0B8E6B1999461C0092BDD3 /* Sound */ = {
			isa = PBXGroup;
			children = (
			);
			name = Sound;
			sourceTree = "<group>";
		};
		DC2E476A1995766000BCACAF /* Preferences */ = {
			isa = PBXGroup;
			children = (
				DC5E4BDC19F17E7B00BF831B /* Preferences.swift */,
				DCEEC9671A18A270000ECA76 /* PreferencesMenu.swift */,
				DCEEC9691A18BE39000ECA76 /* PreferencesCalculator.swift */,
				DCEEC96B1A18CD40000ECA76 /* PreferencesMods.swift */,
			);
			name = Preferences;
			sourceTree = "<group>";
		};
		DC2E476D19957F4C00BCACAF /* MODs */ = {
			isa = PBXGroup;
			children = (
				DC5453A41A234F60003DB27E /* 41Z.MOD */,
				DC5453A51A234F60003DB27E /* 83TRINH.MOD */,
				DC5453A61A234F60003DB27E /* ADV-APP.MOD */,
				DC5453A71A234F60003DB27E /* ADVANTAGE.MOD */,
				DC5453A81A234F60003DB27E /* AECROM.MOD */,
				DC5453A91A234F60003DB27E /* AFDC1.MOD */,
				DC5453AA1A234F60003DB27E /* AFDC2.MOD */,
				DC5453AB1A234F60003DB27E /* ALPHA.MOD */,
				DC5453AC1A234F60003DB27E /* APAC.MOD */,
				DC5453AD1A234F60003DB27E /* ASSEMBLER3.MOD */,
				DC5453AE1A234F60003DB27E /* ASSEMBLER4.MOD */,
				DC5453AF1A234F60003DB27E /* ASTROLOGY.MOD */,
				DC5453B01A234F60003DB27E /* AUTOFINANCE.MOD */,
				DC5453B11A234F60003DB27E /* AUTOSTART.MOD */,
				DC5453B21A234F60003DB27E /* AVIATION.MOD */,
				DC5453B31A234F60003DB27E /* BCMW.MOD */,
				DC5453B41A234F60003DB27E /* BEECHCRAFT.MOD */,
				DC5453B51A234F60003DB27E /* BLDROM.MOD */,
				DC5453B61A234F60003DB27E /* BOEING-B52.MOD */,
				DC5453B71A234F60003DB27E /* CARD-RDR.MOD */,
				DC5453B81A234F60003DB27E /* CCD-MODIFIED.MOD */,
				DC5453B91A234F60003DB27E /* CCD-OSX.MOD */,
				DC5453BA1A234F60003DB27E /* CCD.MOD */,
				DC5453BB1A234F60003DB27E /* CHEMUSER.MOD */,
				DC5453BC1A234F60003DB27E /* CIRCUIT.MOD */,
				DC5453BD1A234F60003DB27E /* CLINICAL.MOD */,
				DC5453BE1A234F60003DB27E /* CMT-200.MOD */,
				DC5453BF1A234F60003DB27E /* CMT-300.MOD */,
				DC5453C01A234F60003DB27E /* CVPAK.MOD */,
				DC5453C11A234F60003DB27E /* DATA-ACQ.MOD */,
				DC5453C21A234F60003DB27E /* DAVID.MOD */,
				DC5453C31A234F60003DB27E /* DIAGNOSTIC.MOD */,
				DC5453C41A234F60003DB27E /* DIAMOND.MOD */,
				DC5453C51A234F60003DB27E /* DISASM4C.MOD */,
				DC5453C61A234F60003DB27E /* DISASM4D.MOD */,
				DC5453C71A234F60003DB27E /* DYERKA.MOD */,
				DC5453C81A234F60003DB27E /* ES-41.MOD */,
				DC5453C91A234F60003DB27E /* ES-MLDL.MOD */,
				DC5453CA1A234F60003DB27E /* EXT-FUNS.MOD */,
				DC5453CB1A234F60003DB27E /* EXT-IL.MOD */,
				DC5453CC1A234F60003DB27E /* EXT-IO.MOD */,
				DC5453CD1A234F60003DB27E /* EXT-MEM.MOD */,
				DC5453CE1A234F60003DB27E /* FINANCE.MOD */,
				DC5453CF1A234F60003DB27E /* FORTH.MOD */,
				DC5453D01A234F60003DB27E /* GAMES.MOD */,
				DC5453D11A234F60003DB27E /* GMAC2.MOD */,
				DC5453D21A234F60003DB27E /* GMAC3.MOD */,
				DC5453D31A234F60003DB27E /* HEP-2MEM.MOD */,
				DC5453D41A234F60003DB27E /* HEP-MEM.MOD */,
				DC5453D51A234F60003DB27E /* Hepax-1C.mod */,
				DC5453D61A234F60003DB27E /* HEPAX.MOD */,
				DC5453D71A234F60003DB27E /* HOME-MGT.MOD */,
				DC5453D81A234F60003DB27E /* HPIL-DEV.MOD */,
				DC5453D91A234F60003DB27E /* HPIL-DIAG.MOD */,
				DC5453DA1A234F60003DB27E /* HPIL.MOD */,
				DC5453DB1A234F60003DB27E /* HYDRACOMP.MOD */,
				DC5453DC1A234F60003DB27E /* ICEBOX.MOD */,
				DC5453DD1A234F60003DB27E /* ICODE.MOD */,
				DC5453DE1A234F60003DB27E /* IR-PRINT.MOD */,
				DC5453DF1A234F60003DB27E /* LAITRAM-XQ2.MOD */,
				DC5453E01A234F60003DB27E /* LANDNAV.MOD */,
				DC5453E11A234F60003DB27E /* LBLAPP1A.MOD */,
				DC5453E21A234F60003DB27E /* MACHINE.MOD */,
				DC5453E31A234F60003DB27E /* MATH.MOD */,
				DC5453E41A234F60003DB27E /* MATHSTAT.MOD */,
				DC5453E51A234F60003DB27E /* MC-EPROM.MOD */,
				DC5453E61A234F60003DB27E /* MCTEST.MOD */,
				DC5453E71A234F60003DB27E /* MDP1.MOD */,
				DC5453E81A234F60003DB27E /* MDP2.MOD */,
				DC5453E91A234F60003DB27E /* MELBOURNE.MOD */,
				DC5453EA1A234F60003DB27E /* MEM.MOD */,
				DC5453EB1A234F60003DB27E /* MIL-ENG.MOD */,
				DC5453EC1A234F60003DB27E /* MLDLOS.MOD */,
				DC5453ED1A234F60003DB27E /* MLEPROM.MOD */,
				DC5453EE1A234F60003DB27E /* MLROM.MOD */,
				DC5453EF1A234F60003DB27E /* MMEPROM.MOD */,
				DC5453F01A234F60003DB27E /* MUECKE.MOD */,
				DC5453F11A234F60003DB27E /* NAVCOM2.MOD */,
				DC5453F21A234F60003DB27E /* NAVIGATION.MOD */,
				DC5453F31A234F60003DB27E /* NAVPAC2.MOD */,
				DC5453F41A234F60003DB27E /* NFCROM.MOD */,
				DC5453F51A234F60003DB27E /* NUT-C.MOD */,
				DC5453F61A234F60003DB27E /* NUT-CV-GFF.MOD */,
				DC5453F71A234F60003DB27E /* NUT-CV.MOD */,
				DC5453F81A234F60003DB27E /* NUT-CX.MOD */,
				DC5453F91A234F60003DB27E /* PANAME.MOD */,
				DC5453FA1A234F60003DB27E /* PCCOM.MOD */,
				DC5453FB1A234F60003DB27E /* PETROLEUM.MOD */,
				DC5453FC1A234F60003DB27E /* PLOTTER.MOD */,
				DC5453FD1A234F60003DB27E /* PPC-MELB.MOD */,
				DC5453FE1A234F60003DB27E /* PPC.MOD */,
				DC5453FF1A234F60003DB27E /* PRIDE.MOD */,
				DC5454001A234F60003DB27E /* PRINTER.MOD */,
				DC5454011A234F60003DB27E /* PRINTERSERVICE.MOD */,
				DC5454021A234F60003DB27E /* PROFISET.MOD */,
				DC5454031A234F60003DB27E /* PROTOCODER2.MOD */,
				DC5454041A234F60003DB27E /* PROTOPARIO.MOD */,
				DC5454051A234F60003DB27E /* PS0F.MOD */,
				DC5454061A234F60003DB27E /* QUADMEM.MOD */,
				DC5454071A234F60003DB27E /* RAM4K.MOD */,
				DC5454081A234F60003DB27E /* RAM8K.MOD */,
				DC5454091A234F60003DB27E /* RAM16K.MOD */,
				DC54540A1A234F60003DB27E /* RAM32K.MOD */,
				DC54540B1A234F61003DB27E /* REAL-ESTATE.MOD */,
				DC54540C1A234F61003DB27E /* ROAM-0.MOD */,
				DC54540D1A234F61003DB27E /* ROAM-0A.MOD */,
				DC54540E1A234F61003DB27E /* ROMSV01.MOD */,
				DC54540F1A234F61003DB27E /* SANDBOX.MOD */,
				DC5454101A234F61003DB27E /* SANDMATH-III.MOD */,
				DC5454111A234F61003DB27E /* SANDMATH.MOD */,
				DC5454121A234F61003DB27E /* SECURITIES.MOD */,
				DC5454131A234F61003DB27E /* SENDPGM.MOD */,
				DC5454141A234F61003DB27E /* SERVICE-CV.MOD */,
				DC5454151A234F61003DB27E /* SERVICE.MOD */,
				DC5454161A234F61003DB27E /* SGS-GAS.MOD */,
				DC5454171A234F61003DB27E /* SIM.MOD */,
				DC5454181A234F61003DB27E /* SIMPLEX.MOD */,
				DC5454191A234F61003DB27E /* SKWIDBC.MOD */,
				DC54541A1A234F61003DB27E /* SPEED-MACHINE2.MOD */,
				DC54541B1A234F61003DB27E /* STANDARD.MOD */,
				DC54541C1A234F61003DB27E /* STAT.MOD */,
				DC54541D1A234F61003DB27E /* STRESS.MOD */,
				DC54541E1A234F61003DB27E /* STRUCTURAL.MOD */,
				DC54541F1A234F61003DB27E /* SUP-R-ROM.MOD */,
				DC5454201A234F61003DB27E /* SURVEY.MOD */,
				DC5454211A234F61003DB27E /* THERMAL.MOD */,
				DC5454221A234F61003DB27E /* TIME.MOD */,
				DC5454231A234F61003DB27E /* TOMSROM.MOD */,
				DC5454241A234F61003DB27E /* TOMSROM1.MOD */,
				DC5454251A234F61003DB27E /* TOOLBOX.MOD */,
				DC5454261A234F61003DB27E /* USPS.MOD */,
				DC5454271A234F61003DB27E /* WAND.MOD */,
				DC5454281A234F61003DB27E /* WWRAMBOX2.MOD */,
				DC5454291A234F61003DB27E /* WWRAMBOXI.MOD */,
				DC54542A1A234F61003DB27E /* WWRAMBOXII.MOD */,
				DC54542B1A234F61003DB27E /* ZENROM.MOD */,
				DC54542C1A234F61003DB27E /* ZEPROM.MOD */,
			);
			name = MODs;
			sourceTree = "<group>";
		};
		DC45284419897DA500C40B6C = {
			isa = PBXGroup;
			children = (
				DC799D871A155CA2002FACBE /* my41.icns */,
				DC45284F19897DA600C40B6C /* my41 */,
				DC45286419897DA600C40B6C /* my41Tests */,
				DC45284E19897DA600C40B6C /* Products */,
			);
			sourceTree = "<group>";
		};
		DC45284E19897DA600C40B6C /* Products */ = {
			isa = PBXGroup;
			children = (
				DC45284D19897DA600C40B6C /* my41.app */,
				DC45286119897DA600C40B6C /* my41Tests.xctest */,
			);
			name = Products;
			sourceTree = "<group>";
		};
		DC45284F19897DA600C40B6C /* my41 */ = {
			isa = PBXGroup;
			children = (
				DC2E476D19957F4C00BCACAF /* MODs */,
				DC56268E198B75770040453F /* ROMs */,
				DCD48906198AF40600F3B898 /* Classes */,
				DC45285819897DA600C40B6C /* Images.xcassets */,
				DC45285A19897DA600C40B6C /* Main.storyboard */,
				DC45285019897DA600C40B6C /* Supporting Files */,
			);
			path = my41;
			sourceTree = "<group>";
		};
		DC45285019897DA600C40B6C /* Supporting Files */ = {
			isa = PBXGroup;
			children = (
				DC46ED8C19B3A09B0091E143 /* display.lookup */,
				DC46ED8D19B3A09B0091E143 /* hpchar.geom */,
				DC75043819B2652200180161 /* hpfont.hpfont */,
				DC45285119897DA600C40B6C /* Info.plist */,
				DC45285219897DA600C40B6C /* main.swift */,
			);
			name = "Supporting Files";
			sourceTree = "<group>";
		};
		DC45286419897DA600C40B6C /* my41Tests */ = {
			isa = PBXGroup;
			children = (
				DC45286719897DA600C40B6C /* my41Tests.swift */,
				DC45286519897DA600C40B6C /* Supporting Files */,
			);
			path = my41Tests;
			sourceTree = "<group>";
		};
		DC45286519897DA600C40B6C /* Supporting Files */ = {
			isa = PBXGroup;
			children = (
				DC45286619897DA600C40B6C /* Info.plist */,
			);
			name = "Supporting Files";
			sourceTree = "<group>";
		};
		DC56268E198B75770040453F /* ROMs */ = {
			isa = PBXGroup;
			children = (
				DC56268F198B75E80040453F /* XNUT2.ROM */,
				DC562690198B75E80040453F /* XNUT1.ROM */,
				DC562691198B75E80040453F /* XNUT0.ROM */,
				DC562692198B75E80040453F /* TIMER.ROM */,
				DC562693198B75E80040453F /* PRINTER.ROM */,
				DC562694198B75E80040453F /* NUT2.ROM */,
				DC562695198B75E80040453F /* NUT1.ROM */,
				DC562696198B75E80040453F /* NUT0.ROM */,
				DC562697198B75E80040453F /* CXFUNS1.ROM */,
				DC562698198B75E80040453F /* CXFUNS0.ROM */,
				DC562699198B75E80040453F /* ADV2.ROM */,
				DC56269A198B75E80040453F /* ADV1.ROM */,
				DC56269B198B75E80040453F /* ADV0.ROM */,
				DC56269C198B75E80040453F /* CrdRdr-1E.rom */,
			);
			name = ROMs;
			sourceTree = "<group>";
		};
		DC5626AB198B78540040453F /* CPU and Memory */ = {
			isa = PBXGroup;
			children = (
				DCAD8865199D38540027C925 /* SoundOutput.swift */,
				DCAD8863199D380C0027C925 /* Bus.swift */,
				DCAD8861199D37E70027C925 /* RomChip.swift */,
				DCAD885F199D37CB0027C925 /* MOD.swift */,
				DCAD885D199D36150027C925 /* DataOperations.swift */,
				DCAD885B199D360B0027C925 /* CPU.swift */,
				DC5626B0198B89FC0040453F /* RamChip.swift */,
			);
			name = "CPU and Memory";
			sourceTree = "<group>";
		};
		DC6DB98C19BB6A1700E26ADD /* Keyboard */ = {
			isa = PBXGroup;
			children = (
				DC6DB98A19BA5C1800E26ADD /* Keyboard.swift */,
				DC6DB98D19BB6A5200E26ADD /* Button.swift */,
			);
			name = Keyboard;
			sourceTree = "<group>";
		};
		DC74922519CF1E480012B5C0 /* Debuger */ = {
			isa = PBXGroup;
			children = (
				DC74922619CF1E600012B5C0 /* Debuger.swift */,
				DCEA7DF119D6FA8B00E69234 /* Disassembly.swift */,
				DC4E040C1A1774F1008D6DD5 /* DebugerMenu.swift */,
				DC4E040E1A17783E008D6DD5 /* DebugCPU.swift */,
				DCFF74AF1A1FE74A00C0DE9A /* DebugMemory.swift */,
			);
			name = Debuger;
			sourceTree = "<group>";
		};
		DC78A1D81992C49400258BD5 /* Display */ = {
			isa = PBXGroup;
			children = (
			);
			name = Display;
			sourceTree = "<group>";
		};
		DC7B7E1219AFAFA600C70269 /* Peripherals */ = {
			isa = PBXGroup;
			children = (
				DC7B7E1019AFA4EE00C70269 /* Timer.swift */,
			);
			name = Peripherals;
			sourceTree = "<group>";
		};
		DCD48906198AF40600F3B898 /* Classes */ = {
			isa = PBXGroup;
			children = (
				DC45285619897DA600C40B6C /* AppDelegate.swift */,
				DC4AEB271A25CFAA00ABF0D8 /* Application.swift */,
				DC6728111A2769E800B4274F /* AlphaKeyboard.swift */,
				DC4AEB291A25E31A00ABF0D8 /* KeyboardShortcuts.swift */,
				DC45285419897DA600C40B6C /* ViewController.swift */,
				DC7B7E0E19AF99AB00C70269 /* CalculatorWindow.swift */,
				DCF52A20199C971A006BF825 /* Extensions.swift */,
				DC74922519CF1E480012B5C0 /* Debuger */,
				DC6DB98C19BB6A1700E26ADD /* Keyboard */,
				DC7B7E1219AFAFA600C70269 /* Peripherals */,
				DC0B8E6B1999461C0092BDD3 /* Sound */,
				DC2E476A1995766000BCACAF /* Preferences */,
				DC78A1D81992C49400258BD5 /* Display */,
				DC5626AB198B78540040453F /* CPU and Memory */,
				DCD48907198AF41000F3B898 /* Main Body */,
			);
			name = Classes;
			sourceTree = "<group>";
		};
		DCD48907198AF41000F3B898 /* Main Body */ = {
			isa = PBXGroup;
			children = (
				DCD48908198AF42B00F3B898 /* CalculatorController.swift */,
			);
			name = "Main Body";
			sourceTree = "<group>";
		};
/* End PBXGroup section */

/* Begin PBXNativeTarget section */
		DC45284C19897DA500C40B6C /* my41 */ = {
			isa = PBXNativeTarget;
			buildConfigurationList = DC45286B19897DA600C40B6C /* Build configuration list for PBXNativeTarget "my41" */;
			buildPhases = (
				DC45284919897DA500C40B6C /* Sources */,
				DC45284A19897DA500C40B6C /* Frameworks */,
				DC45284B19897DA500C40B6C /* Resources */,
			);
			buildRules = (
			);
			dependencies = (
			);
			name = my41;
			productName = my41;
			productReference = DC45284D19897DA600C40B6C /* my41.app */;
			productType = "com.apple.product-type.application";
		};
		DC45286019897DA600C40B6C /* my41Tests */ = {
			isa = PBXNativeTarget;
			buildConfigurationList = DC45286E19897DA600C40B6C /* Build configuration list for PBXNativeTarget "my41Tests" */;
			buildPhases = (
				DC45285D19897DA600C40B6C /* Sources */,
				DC45285E19897DA600C40B6C /* Frameworks */,
				DC45285F19897DA600C40B6C /* Resources */,
			);
			buildRules = (
			);
			dependencies = (
				DC45286319897DA600C40B6C /* PBXTargetDependency */,
			);
			name = my41Tests;
			productName = my41Tests;
			productReference = DC45286119897DA600C40B6C /* my41Tests.xctest */;
			productType = "com.apple.product-type.bundle.unit-test";
		};
/* End PBXNativeTarget section */

/* Begin PBXProject section */
		DC45284519897DA500C40B6C /* Project object */ = {
			isa = PBXProject;
			attributes = {
				LastUpgradeCheck = 0600;
				ORGANIZATIONNAME = iPera;
				TargetAttributes = {
					DC45284C19897DA500C40B6C = {
						CreatedOnToolsVersion = 6.0;
					};
					DC45286019897DA600C40B6C = {
						CreatedOnToolsVersion = 6.0;
						TestTargetID = DC45284C19897DA500C40B6C;
					};
				};
			};
			buildConfigurationList = DC45284819897DA500C40B6C /* Build configuration list for PBXProject "my41" */;
			compatibilityVersion = "Xcode 3.2";
			developmentRegion = English;
			hasScannedForEncodings = 0;
			knownRegions = (
				en,
				Base,
			);
			mainGroup = DC45284419897DA500C40B6C;
			productRefGroup = DC45284E19897DA600C40B6C /* Products */;
			projectDirPath = "";
			projectRoot = "";
			targets = (
				DC45284C19897DA500C40B6C /* my41 */,
				DC45286019897DA600C40B6C /* my41Tests */,
			);
		};
/* End PBXProject section */

/* Begin PBXResourcesBuildPhase section */
		DC45284B19897DA500C40B6C /* Resources */ = {
			isa = PBXResourcesBuildPhase;
			buildActionMask = 2147483647;
			files = (
				DC5454941A234F61003DB27E /* REAL-ESTATE.MOD in Resources */,
				DC5454711A234F61003DB27E /* MDP2.MOD in Resources */,
				DC5454A21A234F61003DB27E /* SKWIDBC.MOD in Resources */,
				DC54547F1A234F61003DB27E /* NUT-CV-GFF.MOD in Resources */,
				DC5454501A234F61003DB27E /* DYERKA.MOD in Resources */,
				DC54546B1A234F61003DB27E /* MACHINE.MOD in Resources */,
				DC5454431A234F61003DB27E /* CCD.MOD in Resources */,
				DC5454B51A234F61003DB27E /* ZEPROM.MOD in Resources */,
				DC5454991A234F61003DB27E /* SANDMATH-III.MOD in Resources */,
				DC54543A1A234F61003DB27E /* AUTOSTART.MOD in Resources */,
				DC5454AF1A234F61003DB27E /* USPS.MOD in Resources */,
				DC5454921A234F61003DB27E /* RAM16K.MOD in Resources */,
				DC5454401A234F61003DB27E /* CARD-RDR.MOD in Resources */,
				DC54543B1A234F61003DB27E /* AVIATION.MOD in Resources */,
				DC54549C1A234F61003DB27E /* SENDPGM.MOD in Resources */,
				DC54545E1A234F61003DB27E /* Hepax-1C.mod in Resources */,
				DC5626A1198B75E80040453F /* PRINTER.ROM in Resources */,
				DC5454B01A234F61003DB27E /* WAND.MOD in Resources */,
				DC5454861A234F61003DB27E /* PPC-MELB.MOD in Resources */,
				DC5454661A234F61003DB27E /* ICODE.MOD in Resources */,
				DC5454461A234F61003DB27E /* CLINICAL.MOD in Resources */,
				DC5454A71A234F61003DB27E /* STRUCTURAL.MOD in Resources */,
				DC54548E1A234F61003DB27E /* PS0F.MOD in Resources */,
				DC54543C1A234F61003DB27E /* BCMW.MOD in Resources */,
				DC5454801A234F61003DB27E /* NUT-CV.MOD in Resources */,
				DC5454671A234F61003DB27E /* IR-PRINT.MOD in Resources */,
				DC5454A11A234F61003DB27E /* SIMPLEX.MOD in Resources */,
				DC5626A9198B75E80040453F /* ADV0.ROM in Resources */,
				DC54544E1A234F61003DB27E /* DISASM4C.MOD in Resources */,
				DC54546E1A234F61003DB27E /* MC-EPROM.MOD in Resources */,
				DC5454B11A234F61003DB27E /* WWRAMBOX2.MOD in Resources */,
				DC5454561A234F61003DB27E /* EXT-MEM.MOD in Resources */,
				DC5454511A234F61003DB27E /* ES-41.MOD in Resources */,
				DC5454741A234F61003DB27E /* MIL-ENG.MOD in Resources */,
				DC5454681A234F61003DB27E /* LAITRAM-XQ2.MOD in Resources */,
				DC5454551A234F61003DB27E /* EXT-IO.MOD in Resources */,
				DC54547D1A234F61003DB27E /* NFCROM.MOD in Resources */,
				DC5626A4198B75E80040453F /* NUT0.ROM in Resources */,
				DC5454A51A234F61003DB27E /* STAT.MOD in Resources */,
				DC5454851A234F61003DB27E /* PLOTTER.MOD in Resources */,
				DC5454881A234F61003DB27E /* PRIDE.MOD in Resources */,
				DC5454781A234F61003DB27E /* MMEPROM.MOD in Resources */,
				DC54549B1A234F61003DB27E /* SECURITIES.MOD in Resources */,
				DC5454931A234F61003DB27E /* RAM32K.MOD in Resources */,
				DC5454901A234F61003DB27E /* RAM4K.MOD in Resources */,
				DC5454591A234F61003DB27E /* GAMES.MOD in Resources */,
				DC5454A01A234F61003DB27E /* SIM.MOD in Resources */,
				DC5454721A234F61003DB27E /* MELBOURNE.MOD in Resources */,
				DC5454371A234F61003DB27E /* ASSEMBLER4.MOD in Resources */,
				DC54544D1A234F61003DB27E /* DIAMOND.MOD in Resources */,
				DC5454631A234F61003DB27E /* HPIL.MOD in Resources */,
				DC5454761A234F61003DB27E /* MLEPROM.MOD in Resources */,
				DC5454981A234F61003DB27E /* SANDBOX.MOD in Resources */,
				DC5454AD1A234F61003DB27E /* TOMSROM1.MOD in Resources */,
				DC5454391A234F61003DB27E /* AUTOFINANCE.MOD in Resources */,
				DC45285919897DA600C40B6C /* Images.xcassets in Resources */,
				DC46ED8E19B3A09B0091E143 /* display.lookup in Resources */,
				DC54546A1A234F61003DB27E /* LBLAPP1A.MOD in Resources */,
				DC54545F1A234F61003DB27E /* HEPAX.MOD in Resources */,
				DC5454521A234F61003DB27E /* ES-MLDL.MOD in Resources */,
				DC56269F198B75E80040453F /* XNUT0.ROM in Resources */,
				DC5454301A234F61003DB27E /* ADVANTAGE.MOD in Resources */,
				DC5454441A234F61003DB27E /* CHEMUSER.MOD in Resources */,
				DC54548C1A234F61003DB27E /* PROTOCODER2.MOD in Resources */,
				DC54549D1A234F61003DB27E /* SERVICE-CV.MOD in Resources */,
				DC5454611A234F61003DB27E /* HPIL-DEV.MOD in Resources */,
				DC54548A1A234F61003DB27E /* PRINTERSERVICE.MOD in Resources */,
				DC54547A1A234F61003DB27E /* NAVCOM2.MOD in Resources */,
				DC54546D1A234F61003DB27E /* MATHSTAT.MOD in Resources */,
				DC54548F1A234F61003DB27E /* QUADMEM.MOD in Resources */,
				DC5454331A234F61003DB27E /* AFDC2.MOD in Resources */,
				DC54545B1A234F61003DB27E /* GMAC3.MOD in Resources */,
				DC5454531A234F61003DB27E /* EXT-FUNS.MOD in Resources */,
				DC54546C1A234F61003DB27E /* MATH.MOD in Resources */,
				DC54543F1A234F61003DB27E /* BOEING-B52.MOD in Resources */,
				DC5454581A234F61003DB27E /* FORTH.MOD in Resources */,
				DC54547B1A234F61003DB27E /* NAVIGATION.MOD in Resources */,
				DC5454961A234F61003DB27E /* ROAM-0A.MOD in Resources */,
				DC54542F1A234F61003DB27E /* ADV-APP.MOD in Resources */,
				DC54546F1A234F61003DB27E /* MCTEST.MOD in Resources */,
				DC5454AB1A234F61003DB27E /* TIME.MOD in Resources */,
				DC5454831A234F61003DB27E /* PCCOM.MOD in Resources */,
				DC5454AA1A234F61003DB27E /* THERMAL.MOD in Resources */,
				DC54545A1A234F61003DB27E /* GMAC2.MOD in Resources */,
				DC5454451A234F61003DB27E /* CIRCUIT.MOD in Resources */,
				DC5454791A234F61003DB27E /* MUECKE.MOD in Resources */,
				DC5454361A234F61003DB27E /* ASSEMBLER3.MOD in Resources */,
				DC5454B31A234F61003DB27E /* WWRAMBOXII.MOD in Resources */,
				DC5454971A234F61003DB27E /* ROMSV01.MOD in Resources */,
				DC54545C1A234F61003DB27E /* HEP-2MEM.MOD in Resources */,
				DC54547E1A234F61003DB27E /* NUT-C.MOD in Resources */,
				DC56269E198B75E80040453F /* XNUT1.ROM in Resources */,
				DC54543E1A234F61003DB27E /* BLDROM.MOD in Resources */,
				DC54545D1A234F61003DB27E /* HEP-MEM.MOD in Resources */,
				DC5454491A234F61003DB27E /* CVPAK.MOD in Resources */,
				DC56269D198B75E80040453F /* XNUT2.ROM in Resources */,
				DC46ED8F19B3A09B0091E143 /* hpchar.geom in Resources */,
				DC54542E1A234F61003DB27E /* 83TRINH.MOD in Resources */,
				DC5626A6198B75E80040453F /* CXFUNS0.ROM in Resources */,
				DC54549E1A234F61003DB27E /* SERVICE.MOD in Resources */,
				DC54548D1A234F61003DB27E /* PROTOPARIO.MOD in Resources */,
				DC5454A81A234F61003DB27E /* SUP-R-ROM.MOD in Resources */,
				DC5454311A234F61003DB27E /* AECROM.MOD in Resources */,
				DC5454821A234F61003DB27E /* PANAME.MOD in Resources */,
				DC5454541A234F61003DB27E /* EXT-IL.MOD in Resources */,
				DC5626A2198B75E80040453F /* NUT2.ROM in Resources */,
				DC5454411A234F61003DB27E /* CCD-MODIFIED.MOD in Resources */,
				DC5454911A234F61003DB27E /* RAM8K.MOD in Resources */,
				DC54548B1A234F61003DB27E /* PROFISET.MOD in Resources */,
				DC799D881A155CA2002FACBE /* my41.icns in Resources */,
				DC5454A61A234F61003DB27E /* STRESS.MOD in Resources */,
				DC75043919B2652200180161 /* hpfont.hpfont in Resources */,
				DC5626A8198B75E80040453F /* ADV1.ROM in Resources */,
				DC5454771A234F61003DB27E /* MLROM.MOD in Resources */,
				DC5454571A234F61003DB27E /* FINANCE.MOD in Resources */,
				DC54549A1A234F61003DB27E /* SANDMATH.MOD in Resources */,
				DC5454B41A234F61003DB27E /* ZENROM.MOD in Resources */,
				DC5454AC1A234F61003DB27E /* TOMSROM.MOD in Resources */,
				DC5454641A234F61003DB27E /* HYDRACOMP.MOD in Resources */,
				DC5454731A234F61003DB27E /* MEM.MOD in Resources */,
				DC5454891A234F61003DB27E /* PRINTER.MOD in Resources */,
				DC5454701A234F61003DB27E /* MDP1.MOD in Resources */,
				DC5626A5198B75E80040453F /* CXFUNS1.ROM in Resources */,
				DC54547C1A234F61003DB27E /* NAVPAC2.MOD in Resources */,
				DC5454651A234F61003DB27E /* ICEBOX.MOD in Resources */,
				DC5454811A234F61003DB27E /* NUT-CX.MOD in Resources */,
				DC54542D1A234F61003DB27E /* 41Z.MOD in Resources */,
				DC5454341A234F61003DB27E /* ALPHA.MOD in Resources */,
				DC54544F1A234F61003DB27E /* DISASM4D.MOD in Resources */,
				DC5454841A234F61003DB27E /* PETROLEUM.MOD in Resources */,
				DC5454AE1A234F61003DB27E /* TOOLBOX.MOD in Resources */,
				DC5454601A234F61003DB27E /* HOME-MGT.MOD in Resources */,
				DC54549F1A234F61003DB27E /* SGS-GAS.MOD in Resources */,
				DC54543D1A234F61003DB27E /* BEECHCRAFT.MOD in Resources */,
				DC5454751A234F61003DB27E /* MLDLOS.MOD in Resources */,
				DC5626A0198B75E80040453F /* TIMER.ROM in Resources */,
				DC5454B21A234F61003DB27E /* WWRAMBOXI.MOD in Resources */,
				DC5454691A234F61003DB27E /* LANDNAV.MOD in Resources */,
				DC54544B1A234F61003DB27E /* DAVID.MOD in Resources */,
				DC5454351A234F61003DB27E /* APAC.MOD in Resources */,
				DC54544C1A234F61003DB27E /* DIAGNOSTIC.MOD in Resources */,
				DC5626A3198B75E80040453F /* NUT1.ROM in Resources */,
				DC5454321A234F61003DB27E /* AFDC1.MOD in Resources */,
				DC5454A91A234F61003DB27E /* SURVEY.MOD in Resources */,
				DC54544A1A234F61003DB27E /* DATA-ACQ.MOD in Resources */,
				DC5454A31A234F61003DB27E /* SPEED-MACHINE2.MOD in Resources */,
				DC5454951A234F61003DB27E /* ROAM-0.MOD in Resources */,
				DC5454871A234F61003DB27E /* PPC.MOD in Resources */,
				DC5454621A234F61003DB27E /* HPIL-DIAG.MOD in Resources */,
				DC5626AA198B75E80040453F /* CrdRdr-1E.rom in Resources */,
				DC45285C19897DA600C40B6C /* Main.storyboard in Resources */,
				DC5454471A234F61003DB27E /* CMT-200.MOD in Resources */,
				DC5454A41A234F61003DB27E /* STANDARD.MOD in Resources */,
				DC5626A7198B75E80040453F /* ADV2.ROM in Resources */,
				DC5454481A234F61003DB27E /* CMT-300.MOD in Resources */,
				DC5454421A234F61003DB27E /* CCD-OSX.MOD in Resources */,
				DC5454381A234F61003DB27E /* ASTROLOGY.MOD in Resources */,
			);
			runOnlyForDeploymentPostprocessing = 0;
		};
		DC45285F19897DA600C40B6C /* Resources */ = {
			isa = PBXResourcesBuildPhase;
			buildActionMask = 2147483647;
			files = (
			);
			runOnlyForDeploymentPostprocessing = 0;
		};
/* End PBXResourcesBuildPhase section */

/* Begin PBXSourcesBuildPhase section */
		DC45284919897DA500C40B6C /* Sources */ = {
			isa = PBXSourcesBuildPhase;
			buildActionMask = 2147483647;
			files = (
				DCAD8860199D37CB0027C925 /* MOD.swift in Sources */,
				DC4AEB2A1A25E31A00ABF0D8 /* KeyboardShortcuts.swift in Sources */,
				DCEEC9681A18A270000ECA76 /* PreferencesMenu.swift in Sources */,
				DC45285719897DA600C40B6C /* AppDelegate.swift in Sources */,
				DC4E040F1A17783E008D6DD5 /* DebugCPU.swift in Sources */,
				DCEEC96A1A18BE39000ECA76 /* PreferencesCalculator.swift in Sources */,
				DC5E4BDD19F17E7B00BF831B /* Preferences.swift in Sources */,
				DCEA7DF219D6FA8B00E69234 /* Disassembly.swift in Sources */,
				DCAD8862199D37E70027C925 /* RomChip.swift in Sources */,
				DCFF74B01A1FE74A00C0DE9A /* DebugMemory.swift in Sources */,
				DC7B7E1119AFA4EE00C70269 /* Timer.swift in Sources */,
				DC74922719CF1E600012B5C0 /* Debuger.swift in Sources */,
				DCD48909198AF42B00F3B898 /* CalculatorController.swift in Sources */,
				DC6DB98E19BB6A5200E26ADD /* Button.swift in Sources */,
				DCAD885E199D36150027C925 /* DataOperations.swift in Sources */,
				DCAD8864199D380C0027C925 /* Bus.swift in Sources */,
				DC4E040D1A1774F1008D6DD5 /* DebugerMenu.swift in Sources */,
				DC7B7E0F19AF99AB00C70269 /* CalculatorWindow.swift in Sources */,
				DC5626B1198B89FC0040453F /* RamChip.swift in Sources */,
				DCAD8866199D38540027C925 /* SoundOutput.swift in Sources */,
				DCAD885C199D360B0027C925 /* CPU.swift in Sources */,
				DC6DB98B19BA5C1800E26ADD /* Keyboard.swift in Sources */,
				DCF52A21199C971A006BF825 /* Extensions.swift in Sources */,
				DCEEC96C1A18CD40000ECA76 /* PreferencesMods.swift in Sources */,
				DC45285519897DA600C40B6C /* ViewController.swift in Sources */,
				DC6728121A2769E800B4274F /* AlphaKeyboard.swift in Sources */,
				DC4AEB281A25CFAA00ABF0D8 /* Application.swift in Sources */,
				DC45285319897DA600C40B6C /* main.swift in Sources */,
			);
			runOnlyForDeploymentPostprocessing = 0;
		};
		DC45285D19897DA600C40B6C /* Sources */ = {
			isa = PBXSourcesBuildPhase;
			buildActionMask = 2147483647;
			files = (
				DC45286819897DA600C40B6C /* my41Tests.swift in Sources */,
			);
			runOnlyForDeploymentPostprocessing = 0;
		};
/* End PBXSourcesBuildPhase section */

/* Begin PBXTargetDependency section */
		DC45286319897DA600C40B6C /* PBXTargetDependency */ = {
			isa = PBXTargetDependency;
			target = DC45284C19897DA500C40B6C /* my41 */;
			targetProxy = DC45286219897DA600C40B6C /* PBXContainerItemProxy */;
		};
/* End PBXTargetDependency section */

/* Begin PBXVariantGroup section */
		DC45285A19897DA600C40B6C /* Main.storyboard */ = {
			isa = PBXVariantGroup;
			children = (
				DC45285B19897DA600C40B6C /* Base */,
			);
			name = Main.storyboard;
			sourceTree = "<group>";
		};
/* End PBXVariantGroup section */

/* Begin XCBuildConfiguration section */
		DC45286919897DA600C40B6C /* Debug */ = {
			isa = XCBuildConfiguration;
			buildSettings = {
				ALWAYS_SEARCH_USER_PATHS = NO;
				CLANG_CXX_LANGUAGE_STANDARD = "gnu++0x";
				CLANG_CXX_LIBRARY = "libc++";
				CLANG_ENABLE_MODULES = YES;
				CLANG_ENABLE_OBJC_ARC = YES;
				CLANG_WARN_BOOL_CONVERSION = YES;
				CLANG_WARN_CONSTANT_CONVERSION = YES;
				CLANG_WARN_DIRECT_OBJC_ISA_USAGE = YES_ERROR;
				CLANG_WARN_EMPTY_BODY = YES;
				CLANG_WARN_ENUM_CONVERSION = YES;
				CLANG_WARN_INT_CONVERSION = YES;
				CLANG_WARN_OBJC_ROOT_CLASS = YES_ERROR;
				CLANG_WARN_UNREACHABLE_CODE = YES;
				CLANG_WARN__DUPLICATE_METHOD_MATCH = YES;
				CODE_SIGN_IDENTITY = "-";
				COPY_PHASE_STRIP = NO;
				ENABLE_STRICT_OBJC_MSGSEND = YES;
				GCC_C_LANGUAGE_STANDARD = gnu99;
				GCC_DYNAMIC_NO_PIC = NO;
				GCC_OPTIMIZATION_LEVEL = 0;
				GCC_PREPROCESSOR_DEFINITIONS = (
					"DEBUG=1",
					"$(inherited)",
				);
				GCC_SYMBOLS_PRIVATE_EXTERN = NO;
				GCC_WARN_64_TO_32_BIT_CONVERSION = YES;
				GCC_WARN_ABOUT_RETURN_TYPE = YES_ERROR;
				GCC_WARN_UNDECLARED_SELECTOR = YES;
				GCC_WARN_UNINITIALIZED_AUTOS = YES_AGGRESSIVE;
				GCC_WARN_UNUSED_FUNCTION = YES;
				GCC_WARN_UNUSED_VARIABLE = YES;
				MACOSX_DEPLOYMENT_TARGET = 10.10;
				MTL_ENABLE_DEBUG_INFO = YES;
				ONLY_ACTIVE_ARCH = YES;
				SDKROOT = macosx;
				SWIFT_OPTIMIZATION_LEVEL = "-Onone";
			};
			name = Debug;
		};
		DC45286A19897DA600C40B6C /* Release */ = {
			isa = XCBuildConfiguration;
			buildSettings = {
				ALWAYS_SEARCH_USER_PATHS = NO;
				CLANG_CXX_LANGUAGE_STANDARD = "gnu++0x";
				CLANG_CXX_LIBRARY = "libc++";
				CLANG_ENABLE_MODULES = YES;
				CLANG_ENABLE_OBJC_ARC = YES;
				CLANG_WARN_BOOL_CONVERSION = YES;
				CLANG_WARN_CONSTANT_CONVERSION = YES;
				CLANG_WARN_DIRECT_OBJC_ISA_USAGE = YES_ERROR;
				CLANG_WARN_EMPTY_BODY = YES;
				CLANG_WARN_ENUM_CONVERSION = YES;
				CLANG_WARN_INT_CONVERSION = YES;
				CLANG_WARN_OBJC_ROOT_CLASS = YES_ERROR;
				CLANG_WARN_UNREACHABLE_CODE = YES;
				CLANG_WARN__DUPLICATE_METHOD_MATCH = YES;
				CODE_SIGN_IDENTITY = "-";
				COPY_PHASE_STRIP = YES;
				DEBUG_INFORMATION_FORMAT = "dwarf-with-dsym";
				ENABLE_NS_ASSERTIONS = NO;
				ENABLE_STRICT_OBJC_MSGSEND = YES;
				GCC_C_LANGUAGE_STANDARD = gnu99;
				GCC_WARN_64_TO_32_BIT_CONVERSION = YES;
				GCC_WARN_ABOUT_RETURN_TYPE = YES_ERROR;
				GCC_WARN_UNDECLARED_SELECTOR = YES;
				GCC_WARN_UNINITIALIZED_AUTOS = YES_AGGRESSIVE;
				GCC_WARN_UNUSED_FUNCTION = YES;
				GCC_WARN_UNUSED_VARIABLE = YES;
				MACOSX_DEPLOYMENT_TARGET = 10.10;
				MTL_ENABLE_DEBUG_INFO = NO;
				SDKROOT = macosx;
			};
			name = Release;
		};
		DC45286C19897DA600C40B6C /* Debug */ = {
			isa = XCBuildConfiguration;
			buildSettings = {
				ASSETCATALOG_COMPILER_APPICON_NAME = AppIcon;
				CLANG_ENABLE_MODULES = YES;
				COMBINE_HIDPI_IMAGES = YES;
				INFOPLIST_FILE = my41/Info.plist;
				LD_RUNPATH_SEARCH_PATHS = "$(inherited) @executable_path/../Frameworks";
				MACOSX_DEPLOYMENT_TARGET = 10.10;
				PRODUCT_NAME = "$(TARGET_NAME)";
				SWIFT_OBJC_BRIDGING_HEADER = "";
				SWIFT_OPTIMIZATION_LEVEL = "-Onone";
			};
			name = Debug;
		};
		DC45286D19897DA600C40B6C /* Release */ = {
			isa = XCBuildConfiguration;
			buildSettings = {
				ASSETCATALOG_COMPILER_APPICON_NAME = AppIcon;
				CLANG_ENABLE_MODULES = YES;
				COMBINE_HIDPI_IMAGES = YES;
				GCC_OPTIMIZATION_LEVEL = 1;
				INFOPLIST_FILE = my41/Info.plist;
				LD_RUNPATH_SEARCH_PATHS = "$(inherited) @executable_path/../Frameworks";
				MACOSX_DEPLOYMENT_TARGET = 10.10;
				PRODUCT_NAME = "$(TARGET_NAME)";
				SWIFT_OBJC_BRIDGING_HEADER = "";
			};
			name = Release;
		};
		DC45286F19897DA600C40B6C /* Debug */ = {
			isa = XCBuildConfiguration;
			buildSettings = {
				BUNDLE_LOADER = "$(BUILT_PRODUCTS_DIR)/my41.app/Contents/MacOS/my41";
				COMBINE_HIDPI_IMAGES = YES;
				FRAMEWORK_SEARCH_PATHS = (
					"$(DEVELOPER_FRAMEWORKS_DIR)",
					"$(inherited)",
				);
				GCC_PREPROCESSOR_DEFINITIONS = (
					"DEBUG=1",
					"$(inherited)",
				);
				INFOPLIST_FILE = my41Tests/Info.plist;
				LD_RUNPATH_SEARCH_PATHS = "$(inherited) @executable_path/../Frameworks @loader_path/../Frameworks";
				PRODUCT_NAME = "$(TARGET_NAME)";
				TEST_HOST = "$(BUNDLE_LOADER)";
			};
			name = Debug;
		};
		DC45287019897DA600C40B6C /* Release */ = {
			isa = XCBuildConfiguration;
			buildSettings = {
				BUNDLE_LOADER = "$(BUILT_PRODUCTS_DIR)/my41.app/Contents/MacOS/my41";
				COMBINE_HIDPI_IMAGES = YES;
				FRAMEWORK_SEARCH_PATHS = (
					"$(DEVELOPER_FRAMEWORKS_DIR)",
					"$(inherited)",
				);
				INFOPLIST_FILE = my41Tests/Info.plist;
				LD_RUNPATH_SEARCH_PATHS = "$(inherited) @executable_path/../Frameworks @loader_path/../Frameworks";
				PRODUCT_NAME = "$(TARGET_NAME)";
				TEST_HOST = "$(BUNDLE_LOADER)";
			};
			name = Release;
		};
/* End XCBuildConfiguration section */

/* Begin XCConfigurationList section */
		DC45284819897DA500C40B6C /* Build configuration list for PBXProject "my41" */ = {
			isa = XCConfigurationList;
			buildConfigurations = (
				DC45286919897DA600C40B6C /* Debug */,
				DC45286A19897DA600C40B6C /* Release */,
			);
			defaultConfigurationIsVisible = 0;
			defaultConfigurationName = Release;
		};
		DC45286B19897DA600C40B6C /* Build configuration list for PBXNativeTarget "my41" */ = {
			isa = XCConfigurationList;
			buildConfigurations = (
				DC45286C19897DA600C40B6C /* Debug */,
				DC45286D19897DA600C40B6C /* Release */,
			);
			defaultConfigurationIsVisible = 0;
			defaultConfigurationName = Release;
		};
		DC45286E19897DA600C40B6C /* Build configuration list for PBXNativeTarget "my41Tests" */ = {
			isa = XCConfigurationList;
			buildConfigurations = (
				DC45286F19897DA600C40B6C /* Debug */,
				DC45287019897DA600C40B6C /* Release */,
			);
			defaultConfigurationIsVisible = 0;
			defaultConfigurationName = Release;
		};
/* End XCConfigurationList section */
	};
	rootObject = DC45284519897DA500C40B6C /* Project object */;
}
